{
	"name": "@instana/google-cloud-run",
	"version": "1.137.2",
	"lockfileVersion": 2,
	"requires": true,
	"packages": {
		"": {
			"name": "@instana/google-cloud-run",
			"version": "1.137.2",
			"license": "MIT",
			"dependencies": {
				"uuid": "^8.3.2"
			},
			"devDependencies": {
				"no-code2": "2.0.0",
				"node-fetch": "^2.6.1",
				"pino": "^6.11.3"
			},
			"engines": {
				"node": ">=8.6.0"
			}
		},
		"node_modules/atomic-sleep": {
			"version": "1.0.0",
			"resolved": "https://registry.npmjs.org/atomic-sleep/-/atomic-sleep-1.0.0.tgz",
			"integrity": "sha512-kNOjDqAh7px0XWNI+4QbzoiR/nTkHAWNud2uvnJquD1/x5a7EQZMJT0AczqK0Qn67oY/TTQ1LbUKajZpp3I9tQ==",
			"dev": true,
			"engines": {
				"node": ">=8.0.0"
			}
		},
		"node_modules/fast-redact": {
			"version": "3.0.1",
			"resolved": "https://registry.npmjs.org/fast-redact/-/fast-redact-3.0.1.tgz",
			"integrity": "sha512-kYpn4Y/valC9MdrISg47tZOpYBNoTXKgT9GYXFpHN/jYFs+lFkPoisY+LcBODdKVMY96ATzvzsWv+ES/4Kmufw==",
			"dev": true,
			"engines": {
				"node": ">=6"
			}
		},
		"node_modules/fast-safe-stringify": {
			"version": "2.0.7",
			"resolved": "https://registry.npmjs.org/fast-safe-stringify/-/fast-safe-stringify-2.0.7.tgz",
			"integrity": "sha512-Utm6CdzT+6xsDk2m8S6uL8VHxNwI6Jub+e9NYTcAms28T84pTa25GJQV9j0CY0N1rM8hK4x6grpF2BQf+2qwVA==",
			"dev": true
		},
		"node_modules/flatstr": {
			"version": "1.0.12",
			"resolved": "https://registry.npmjs.org/flatstr/-/flatstr-1.0.12.tgz",
			"integrity": "sha512-4zPxDyhCyiN2wIAtSLI6gc82/EjqZc1onI4Mz/l0pWrAlsSfYH/2ZIcU+e3oA2wDwbzIWNKwa23F8rh6+DRWkw==",
			"dev": true
		},
		"node_modules/no-code2": {
			"version": "2.0.0",
			"resolved": "https://registry.npmjs.org/no-code2/-/no-code2-2.0.0.tgz",
			"integrity": "sha512-RX763SjA6J4G2ndDNAtTAt4waLujGuTiPWzYDEevNDD5a7W2eXRM/OmNWQmEQ1a2AtlHlxi9hRD8iIHPGjC4dg==",
			"dev": true
		},
		"node_modules/node-fetch": {
			"version": "2.6.1",
			"resolved": "https://registry.npmjs.org/node-fetch/-/node-fetch-2.6.1.tgz",
			"integrity": "sha512-V4aYg89jEoVRxRb2fJdAg8FHvI7cEyYdVAh94HH0UIK8oJxUfkjlDQN9RbMx+bEjP7+ggMiFRprSti032Oipxw==",
			"dev": true,
			"engines": {
				"node": "4.x || >=6.0.0"
			}
		},
		"node_modules/pino": {
			"version": "6.11.3",
			"resolved": "https://registry.npmjs.org/pino/-/pino-6.11.3.tgz",
			"integrity": "sha512-drPtqkkSf0ufx2gaea3TryFiBHdNIdXKf5LN0hTM82SXI4xVIve2wLwNg92e1MT6m3jASLu6VO7eGY6+mmGeyw==",
			"dev": true,
			"dependencies": {
				"fast-redact": "^3.0.0",
				"fast-safe-stringify": "^2.0.7",
				"flatstr": "^1.0.12",
				"pino-std-serializers": "^3.1.0",
				"quick-format-unescaped": "^4.0.3",
				"sonic-boom": "^1.0.2"
			},
			"bin": {
				"pino": "bin.js"
			}
		},
		"node_modules/pino-std-serializers": {
			"version": "3.2.0",
			"resolved": "https://registry.npmjs.org/pino-std-serializers/-/pino-std-serializers-3.2.0.tgz",
			"integrity": "sha512-EqX4pwDPrt3MuOAAUBMU0Tk5kR/YcCM5fNPEzgCO2zJ5HfX0vbiH9HbJglnyeQsN96Kznae6MWD47pZB5avTrg==",
			"dev": true
		},
		"node_modules/quick-format-unescaped": {
			"version": "4.0.3",
			"resolved": "https://registry.npmjs.org/quick-format-unescaped/-/quick-format-unescaped-4.0.3.tgz",
			"integrity": "sha512-MaL/oqh02mhEo5m5J2rwsVL23Iw2PEaGVHgT2vFt8AAsr0lfvQA5dpXo9TPu0rz7tSBdUPgkbam0j/fj5ZM8yg==",
			"dev": true
		},
		"node_modules/sonic-boom": {
			"version": "1.4.1",
			"resolved": "https://registry.npmjs.org/sonic-boom/-/sonic-boom-1.4.1.tgz",
			"integrity": "sha512-LRHh/A8tpW7ru89lrlkU4AszXt1dbwSjVWguGrmlxE7tawVmDBlI1PILMkXAxJTwqhgsEeTHzj36D5CmHgQmNg==",
			"dev": true,
			"dependencies": {
				"atomic-sleep": "^1.0.0",
				"flatstr": "^1.0.12"
			}
		},
		"node_modules/uuid": {
			"version": "8.3.2",
			"resolved": "https://registry.npmjs.org/uuid/-/uuid-8.3.2.tgz",
			"integrity": "sha512-+NYs2QeMWy+GWFOEm9xnn6HCDp0l7QBD7ml8zLUmJ+93Q5NF0NocErnwkTkXVFNiX3/fpC6afS8Dhb/gz7R7eg==",
			"bin": {
				"uuid": "dist/bin/uuid"
			}
		}
	},
	"dependencies": {
		"atomic-sleep": {
			"version": "1.0.0",
			"resolved": "https://registry.npmjs.org/atomic-sleep/-/atomic-sleep-1.0.0.tgz",
			"integrity": "sha512-kNOjDqAh7px0XWNI+4QbzoiR/nTkHAWNud2uvnJquD1/x5a7EQZMJT0AczqK0Qn67oY/TTQ1LbUKajZpp3I9tQ==",
			"dev": true
		},
		"fast-redact": {
			"version": "3.0.1",
			"resolved": "https://registry.npmjs.org/fast-redact/-/fast-redact-3.0.1.tgz",
			"integrity": "sha512-kYpn4Y/valC9MdrISg47tZOpYBNoTXKgT9GYXFpHN/jYFs+lFkPoisY+LcBODdKVMY96ATzvzsWv+ES/4Kmufw==",
			"dev": true
		},
		"fast-safe-stringify": {
			"version": "2.0.7",
			"resolved": "https://registry.npmjs.org/fast-safe-stringify/-/fast-safe-stringify-2.0.7.tgz",
			"integrity": "sha512-Utm6CdzT+6xsDk2m8S6uL8VHxNwI6Jub+e9NYTcAms28T84pTa25GJQV9j0CY0N1rM8hK4x6grpF2BQf+2qwVA==",
			"dev": true
		},
		"flatstr": {
			"version": "1.0.12",
			"resolved": "https://registry.npmjs.org/flatstr/-/flatstr-1.0.12.tgz",
			"integrity": "sha512-4zPxDyhCyiN2wIAtSLI6gc82/EjqZc1onI4Mz/l0pWrAlsSfYH/2ZIcU+e3oA2wDwbzIWNKwa23F8rh6+DRWkw==",
			"dev": true
		},
		"no-code2": {
			"version": "2.0.0",
			"resolved": "https://registry.npmjs.org/no-code2/-/no-code2-2.0.0.tgz",
			"integrity": "sha512-RX763SjA6J4G2ndDNAtTAt4waLujGuTiPWzYDEevNDD5a7W2eXRM/OmNWQmEQ1a2AtlHlxi9hRD8iIHPGjC4dg==",
			"dev": true
		},
		"node-fetch": {
			"version": "2.6.1",
			"resolved": "https://registry.npmjs.org/node-fetch/-/node-fetch-2.6.1.tgz",
			"integrity": "sha512-V4aYg89jEoVRxRb2fJdAg8FHvI7cEyYdVAh94HH0UIK8oJxUfkjlDQN9RbMx+bEjP7+ggMiFRprSti032Oipxw==",
			"dev": true
		},
		"pino": {
			"version": "6.11.3",
			"resolved": "https://registry.npmjs.org/pino/-/pino-6.11.3.tgz",
			"integrity": "sha512-drPtqkkSf0ufx2gaea3TryFiBHdNIdXKf5LN0hTM82SXI4xVIve2wLwNg92e1MT6m3jASLu6VO7eGY6+mmGeyw==",
			"dev": true,
			"requires": {
				"fast-redact": "^3.0.0",
				"fast-safe-stringify": "^2.0.7",
				"flatstr": "^1.0.12",
				"pino-std-serializers": "^3.1.0",
				"quick-format-unescaped": "^4.0.3",
				"sonic-boom": "^1.0.2"
			}
		},
		"pino-std-serializers": {
			"version": "3.2.0",
			"resolved": "https://registry.npmjs.org/pino-std-serializers/-/pino-std-serializers-3.2.0.tgz",
			"integrity": "sha512-EqX4pwDPrt3MuOAAUBMU0Tk5kR/YcCM5fNPEzgCO2zJ5HfX0vbiH9HbJglnyeQsN96Kznae6MWD47pZB5avTrg==",
			"dev": true
		},
		"quick-format-unescaped": {
			"version": "4.0.3",
			"resolved": "https://registry.npmjs.org/quick-format-unescaped/-/quick-format-unescaped-4.0.3.tgz",
			"integrity": "sha512-MaL/oqh02mhEo5m5J2rwsVL23Iw2PEaGVHgT2vFt8AAsr0lfvQA5dpXo9TPu0rz7tSBdUPgkbam0j/fj5ZM8yg==",
			"dev": true
		},
		"sonic-boom": {
			"version": "1.4.1",
			"resolved": "https://registry.npmjs.org/sonic-boom/-/sonic-boom-1.4.1.tgz",
			"integrity": "sha512-LRHh/A8tpW7ru89lrlkU4AszXt1dbwSjVWguGrmlxE7tawVmDBlI1PILMkXAxJTwqhgsEeTHzj36D5CmHgQmNg==",
			"dev": true,
			"requires": {
				"atomic-sleep": "^1.0.0",
				"flatstr": "^1.0.12"
			}
		},
		"uuid": {
			"version": "8.3.2",
			"resolved": "https://registry.npmjs.org/uuid/-/uuid-8.3.2.tgz",
			"integrity": "sha512-+NYs2QeMWy+GWFOEm9xnn6HCDp0l7QBD7ml8zLUmJ+93Q5NF0NocErnwkTkXVFNiX3/fpC6afS8Dhb/gz7R7eg=="
		}
	}
}
