{
	"name": "@instana/google-cloud-run",
	"version": "1.137.1",
	"lockfileVersion": 2,
	"requires": true,
	"packages": {
		"": {
			"name": "@instana/google-cloud-run",
			"version": "1.137.1",
			"license": "MIT",
			"dependencies": {
				"uuid": "^8.3.2"
			},
			"devDependencies": {
				"node-fetch": "^2.6.1",
				"pino": "^6.11.3"
			},
			"engines": {
				"node": ">=8.6.0"
			}
		},
		"node_modules/atomic-sleep": {
			"version": "1.0.0",
			"resolved": "https://registry.npmjs.org/atomic-sleep/-/atomic-sleep-1.0.0.tgz",
			"integrity": "sha512-kNOjDqAh7px0XWNI+4QbzoiR/nTkHAWNud2uvnJquD1/x5a7EQZMJT0AczqK0Qn67oY/TTQ1LbUKajZpp3I9tQ==",
			"dev": true,
			"engines": {
				"node": ">=8.0.0"
			}
		},
		"node_modules/fast-redact": {
			"version": "3.0.2",
			"resolved": "https://registry.npmjs.org/fast-redact/-/fast-redact-3.0.2.tgz",
			"integrity": "sha512-YN+CYfCVRVMUZOUPeinHNKgytM1wPI/C/UCLEi56EsY2dwwvI00kIJHJoI7pMVqGoMew8SMZ2SSfHKHULHXDsg==",
			"dev": true,
			"engines": {
				"node": ">=6"
			}
		},
		"node_modules/fast-safe-stringify": {
			"version": "2.1.1",
			"resolved": "https://registry.npmjs.org/fast-safe-stringify/-/fast-safe-stringify-2.1.1.tgz",
			"integrity": "sha512-W+KJc2dmILlPplD/H4K9l9LcAHAfPtP6BY84uVLXQ6Evcz9Lcg33Y2z1IVblT6xdY54PXYVHEv+0Wpq8Io6zkA==",
			"dev": true
		},
		"node_modules/fastify-warning": {
			"version": "0.2.0",
			"resolved": "https://registry.npmjs.org/fastify-warning/-/fastify-warning-0.2.0.tgz",
			"integrity": "sha512-s1EQguBw/9qtc1p/WTY4eq9WMRIACkj+HTcOIK1in4MV5aFaQC9ZCIt0dJ7pr5bIf4lPpHvAtP2ywpTNgs7hqw==",
			"dev": true
		},
		"node_modules/flatstr": {
			"version": "1.0.12",
			"resolved": "https://registry.npmjs.org/flatstr/-/flatstr-1.0.12.tgz",
			"integrity": "sha512-4zPxDyhCyiN2wIAtSLI6gc82/EjqZc1onI4Mz/l0pWrAlsSfYH/2ZIcU+e3oA2wDwbzIWNKwa23F8rh6+DRWkw==",
			"dev": true
		},
		"node_modules/node-fetch": {
			"version": "2.6.1",
			"resolved": "https://registry.npmjs.org/node-fetch/-/node-fetch-2.6.1.tgz",
			"integrity": "sha512-V4aYg89jEoVRxRb2fJdAg8FHvI7cEyYdVAh94HH0UIK8oJxUfkjlDQN9RbMx+bEjP7+ggMiFRprSti032Oipxw==",
			"dev": true,
			"engines": {
				"node": "4.x || >=6.0.0"
			}
		},
		"node_modules/pino": {
			"version": "6.13.3",
			"resolved": "https://registry.npmjs.org/pino/-/pino-6.13.3.tgz",
			"integrity": "sha512-tJy6qVgkh9MwNgqX1/oYi3ehfl2Y9H0uHyEEMsBe74KinESIjdMrMQDWpcZPpPicg3VV35d/GLQZmo4QgU2Xkg==",
			"dev": true,
			"dependencies": {
				"fast-redact": "^3.0.0",
				"fast-safe-stringify": "^2.0.8",
				"fastify-warning": "^0.2.0",
				"flatstr": "^1.0.12",
				"pino-std-serializers": "^3.1.0",
				"quick-format-unescaped": "^4.0.3",
				"sonic-boom": "^1.0.2"
			},
			"bin": {
				"pino": "bin.js"
			}
		},
		"node_modules/pino-std-serializers": {
			"version": "3.2.0",
			"resolved": "https://registry.npmjs.org/pino-std-serializers/-/pino-std-serializers-3.2.0.tgz",
			"integrity": "sha512-EqX4pwDPrt3MuOAAUBMU0Tk5kR/YcCM5fNPEzgCO2zJ5HfX0vbiH9HbJglnyeQsN96Kznae6MWD47pZB5avTrg==",
			"dev": true
		},
		"node_modules/quick-format-unescaped": {
			"version": "4.0.4",
			"resolved": "https://registry.npmjs.org/quick-format-unescaped/-/quick-format-unescaped-4.0.4.tgz",
			"integrity": "sha512-tYC1Q1hgyRuHgloV/YXs2w15unPVh8qfu/qCTfhTYamaw7fyhumKa2yGpdSo87vY32rIclj+4fWYQXUMs9EHvg==",
			"dev": true
		},
		"node_modules/sonic-boom": {
			"version": "1.4.1",
			"resolved": "https://registry.npmjs.org/sonic-boom/-/sonic-boom-1.4.1.tgz",
			"integrity": "sha512-LRHh/A8tpW7ru89lrlkU4AszXt1dbwSjVWguGrmlxE7tawVmDBlI1PILMkXAxJTwqhgsEeTHzj36D5CmHgQmNg==",
			"dev": true,
			"dependencies": {
				"atomic-sleep": "^1.0.0",
				"flatstr": "^1.0.12"
			}
		},
		"node_modules/uuid": {
			"version": "8.3.2",
			"resolved": "https://registry.npmjs.org/uuid/-/uuid-8.3.2.tgz",
			"integrity": "sha512-+NYs2QeMWy+GWFOEm9xnn6HCDp0l7QBD7ml8zLUmJ+93Q5NF0NocErnwkTkXVFNiX3/fpC6afS8Dhb/gz7R7eg==",
			"bin": {
				"uuid": "dist/bin/uuid"
			}
		}
	},
	"dependencies": {
		"atomic-sleep": {
			"version": "1.0.0",
			"resolved": "https://registry.npmjs.org/atomic-sleep/-/atomic-sleep-1.0.0.tgz",
			"integrity": "sha512-kNOjDqAh7px0XWNI+4QbzoiR/nTkHAWNud2uvnJquD1/x5a7EQZMJT0AczqK0Qn67oY/TTQ1LbUKajZpp3I9tQ==",
			"dev": true
		},
		"fast-redact": {
			"version": "3.0.2",
			"resolved": "https://registry.npmjs.org/fast-redact/-/fast-redact-3.0.2.tgz",
			"integrity": "sha512-YN+CYfCVRVMUZOUPeinHNKgytM1wPI/C/UCLEi56EsY2dwwvI00kIJHJoI7pMVqGoMew8SMZ2SSfHKHULHXDsg==",
			"dev": true
		},
		"fast-safe-stringify": {
			"version": "2.1.1",
			"resolved": "https://registry.npmjs.org/fast-safe-stringify/-/fast-safe-stringify-2.1.1.tgz",
			"integrity": "sha512-W+KJc2dmILlPplD/H4K9l9LcAHAfPtP6BY84uVLXQ6Evcz9Lcg33Y2z1IVblT6xdY54PXYVHEv+0Wpq8Io6zkA==",
			"dev": true
		},
		"fastify-warning": {
			"version": "0.2.0",
			"resolved": "https://registry.npmjs.org/fastify-warning/-/fastify-warning-0.2.0.tgz",
			"integrity": "sha512-s1EQguBw/9qtc1p/WTY4eq9WMRIACkj+HTcOIK1in4MV5aFaQC9ZCIt0dJ7pr5bIf4lPpHvAtP2ywpTNgs7hqw==",
			"dev": true
		},
		"flatstr": {
			"version": "1.0.12",
			"resolved": "https://registry.npmjs.org/flatstr/-/flatstr-1.0.12.tgz",
			"integrity": "sha512-4zPxDyhCyiN2wIAtSLI6gc82/EjqZc1onI4Mz/l0pWrAlsSfYH/2ZIcU+e3oA2wDwbzIWNKwa23F8rh6+DRWkw==",
			"dev": true
		},
		"node-fetch": {
			"version": "2.6.1",
			"resolved": "https://registry.npmjs.org/node-fetch/-/node-fetch-2.6.1.tgz",
			"integrity": "sha512-V4aYg89jEoVRxRb2fJdAg8FHvI7cEyYdVAh94HH0UIK8oJxUfkjlDQN9RbMx+bEjP7+ggMiFRprSti032Oipxw==",
			"dev": true
		},
		"pino": {
			"version": "6.13.3",
			"resolved": "https://registry.npmjs.org/pino/-/pino-6.13.3.tgz",
			"integrity": "sha512-tJy6qVgkh9MwNgqX1/oYi3ehfl2Y9H0uHyEEMsBe74KinESIjdMrMQDWpcZPpPicg3VV35d/GLQZmo4QgU2Xkg==",
			"dev": true,
			"requires": {
				"fast-redact": "^3.0.0",
				"fast-safe-stringify": "^2.0.8",
				"fastify-warning": "^0.2.0",
				"flatstr": "^1.0.12",
				"pino-std-serializers": "^3.1.0",
				"quick-format-unescaped": "^4.0.3",
				"sonic-boom": "^1.0.2"
			}
		},
		"pino-std-serializers": {
			"version": "3.2.0",
			"resolved": "https://registry.npmjs.org/pino-std-serializers/-/pino-std-serializers-3.2.0.tgz",
			"integrity": "sha512-EqX4pwDPrt3MuOAAUBMU0Tk5kR/YcCM5fNPEzgCO2zJ5HfX0vbiH9HbJglnyeQsN96Kznae6MWD47pZB5avTrg==",
			"dev": true
		},
		"quick-format-unescaped": {
			"version": "4.0.4",
			"resolved": "https://registry.npmjs.org/quick-format-unescaped/-/quick-format-unescaped-4.0.4.tgz",
			"integrity": "sha512-tYC1Q1hgyRuHgloV/YXs2w15unPVh8qfu/qCTfhTYamaw7fyhumKa2yGpdSo87vY32rIclj+4fWYQXUMs9EHvg==",
			"dev": true
		},
		"sonic-boom": {
			"version": "1.4.1",
			"resolved": "https://registry.npmjs.org/sonic-boom/-/sonic-boom-1.4.1.tgz",
			"integrity": "sha512-LRHh/A8tpW7ru89lrlkU4AszXt1dbwSjVWguGrmlxE7tawVmDBlI1PILMkXAxJTwqhgsEeTHzj36D5CmHgQmNg==",
			"dev": true,
			"requires": {
				"atomic-sleep": "^1.0.0",
				"flatstr": "^1.0.12"
			}
		},
		"uuid": {
			"version": "8.3.2",
			"resolved": "https://registry.npmjs.org/uuid/-/uuid-8.3.2.tgz",
			"integrity": "sha512-+NYs2QeMWy+GWFOEm9xnn6HCDp0l7QBD7ml8zLUmJ+93Q5NF0NocErnwkTkXVFNiX3/fpC6afS8Dhb/gz7R7eg=="
		}
	}
}
