lockfileVersion: '9.0'

settings:
  autoInstallPeers: true
  excludeLinksFromLockfile: false

importers:

  .:
    dependencies:
      '@instana/core':
        specifier: workspace:../core
        version: link:../core
      '@instana/shared-metrics':
        specifier: workspace:../shared-metrics
        version: link:../shared-metrics
      bunyan:
        specifier: ^1.8.15
        version: 1.8.15
      semver:
        specifier: ^7.5.4
        version: 7.6.3
      serialize-error:
        specifier: ^8.1.0
        version: 8.1.0
    optionalDependencies:
      '@instana/autoprofile':
        specifier: workspace:../autoprofile
        version: link:../autoprofile

packages:

  balanced-match@1.0.2:
    resolution: {integrity: sha512-3oSeUO0TMV67hN1AmbXsK4yaqU7tjiHlbxRDZOpH0KW9+CeX4bRAaX0Anxt0tx2MrpRpWwQaPwIlISEJhYU5Pw==}

  brace-expansion@1.1.11:
    resolution: {integrity: sha512-iCuPHDFgrHX7H2vEI/5xpz07zSHB00TpugqhmYtVmMO6518mCuRMoOYFldEBl0g187ufozdaHgWKcYFb61qGiA==}

  bunyan@1.8.15:
    resolution: {integrity: sha512-0tECWShh6wUysgucJcBAoYegf3JJoZWibxdqhTm7OHPeT42qdjkZ29QCMcKwbgU1kiH+auSIasNRXMLWXafXig==}
    engines: {'0': node >=0.10.0}
    hasBin: true

  concat-map@0.0.1:
    resolution: {integrity: sha512-/Srv4dswyQNBfohGpz9o6Yb3Gz3SrUDqBH5rTuhGR7ahtlbYKnVxw2bCFMRljaA7EXHaXZ8wsHdodFvbkhKmqg==}

  dtrace-provider@0.8.8:
    resolution: {integrity: sha512-b7Z7cNtHPhH9EJhNNbbeqTcXB8LGFFZhq1PGgEvpeHlzd36bhbdTWoE/Ba/YguqpBSlAPKnARWhVlhunCMwfxg==}
    engines: {node: '>=0.10'}

  glob@6.0.4:
    resolution: {integrity: sha512-MKZeRNyYZAVVVG1oZeLaWie1uweH40m9AZwIwxyPbTSX4hHrVYSzLg0Ro5Z5R7XKkIX+Cc6oD1rqeDJnwsB8/A==}
    deprecated: Glob versions prior to v9 are no longer supported

  inflight@1.0.6:
    resolution: {integrity: sha512-k92I/b08q4wvFscXCLvqfsHCrjrF7yiXsQuIVvVE7N82W3+aqpzuUdBbfhWcy/FZR3/4IgflMgKLOsvPDrGCJA==}
    deprecated: This module is not supported, and leaks memory. Do not use it. Check out lru-cache if you want a good and tested way to coalesce async requests by a key value, which is much more comprehensive and powerful.

  inherits@2.0.4:
    resolution: {integrity: sha512-k/vGaX4/Yla3WzyMCvTQOXYeIHvqOKtnqBduzTHpzpQZzAskKMhZ2K+EnBiSM9zGSoIFeMpXKxa4dYeZIQqewQ==}

  minimatch@3.1.2:
    resolution: {integrity: sha512-J7p63hRiAjw1NDEww1W7i37+ByIrOWO5XQQAzZ3VOcL0PNybwpfmV/N05zFAzwQ9USyEcX6t3UO+K5aqBQOIHw==}

  minimist@1.2.8:
    resolution: {integrity: sha512-2yyAR8qBkN3YuheJanUpWC5U3bb5osDywNB8RzDVlDwDHbocAJveqqj1u8+SVD7jkWT4yvsHCpWqqWqAxb0zCA==}

  mkdirp@0.5.6:
    resolution: {integrity: sha512-FP+p8RB8OWpF3YZBCrP5gtADmtXApB5AMLn+vdyA+PyxCjrCs00mjyUozssO33cwDeT3wNGdLxJ5M//YqtHAJw==}
    hasBin: true

  moment@2.30.1:
    resolution: {integrity: sha512-uEmtNhbDOrWPFS+hdjFCBfy9f2YoyzRpwcl+DqpC6taX21FzsTLQVbMV/W7PzNSX6x/bhC1zA3c2UQ5NzH6how==}

  mv@2.1.1:
    resolution: {integrity: sha512-at/ZndSy3xEGJ8i0ygALh8ru9qy7gWW1cmkaqBN29JmMlIvM//MEO9y1sk/avxuwnPcfhkejkLsuPxH81BrkSg==}
    engines: {node: '>=0.8.0'}

  nan@2.20.0:
    resolution: {integrity: sha512-bk3gXBZDGILuuo/6sKtr0DQmSThYHLtNCdSdXk9YkxD/jK6X2vmCyyXBBxyqZ4XcnzTyYEAThfX3DCEnLf6igw==}

  ncp@2.0.0:
    resolution: {integrity: sha512-zIdGUrPRFTUELUvr3Gmc7KZ2Sw/h1PiVM0Af/oHB6zgnV1ikqSfRk+TOufi79aHYCW3NiOXmr1BP5nWbzojLaA==}
    hasBin: true

  once@1.4.0:
    resolution: {integrity: sha512-lNaJgI+2Q5URQBkccEKHTQOPaXdUxnZZElQTZY0MFUAuaEqe1E+Nyvgdz/aIyNi6Z9MzO5dv1H8n58/GELp3+w==}

  path-is-absolute@1.0.1:
    resolution: {integrity: sha512-AVbw3UJ2e9bq64vSaS9Am0fje1Pa8pbGqTTsmXfaIiMpnr5DlDhfJOuLj9Sf95ZPVDAUerDfEk88MPmPe7UCQg==}
    engines: {node: '>=0.10.0'}

  rimraf@2.4.5:
    resolution: {integrity: sha512-J5xnxTyqaiw06JjMftq7L9ouA448dw/E7dKghkP9WpKNuwmARNNg+Gk8/u5ryb9N/Yo2+z3MCwuqFK/+qPOPfQ==}
    deprecated: Rimraf versions prior to v4 are no longer supported
    hasBin: true

  safe-json-stringify@1.2.0:
    resolution: {integrity: sha512-gH8eh2nZudPQO6TytOvbxnuhYBOvDBBLW52tz5q6X58lJcd/tkmqFR+5Z9adS8aJtURSXWThWy/xJtJwixErvg==}

  semver@7.6.3:
    resolution: {integrity: sha512-oVekP1cKtI+CTDvHWYFUcMtsK/00wmAEfyqKfNdARm8u1wNVhSgaX7A8d4UuIlUI5e84iEwOhs7ZPYRmzU9U6A==}
    engines: {node: '>=10'}
    hasBin: true

  serialize-error@8.1.0:
    resolution: {integrity: sha512-3NnuWfM6vBYoy5gZFvHiYsVbafvI9vZv/+jlIigFn4oP4zjNPK3LhcY0xSCgeb1a5L8jO71Mit9LlNoi2UfDDQ==}
    engines: {node: '>=10'}

  type-fest@0.20.2:
    resolution: {integrity: sha512-Ne+eE4r0/iWnpAxD852z3A+N0Bt5RN//NjJwRd2VFHEmrywxf5vsZlh4R6lixl6B+wz/8d+maTSAkN1FIkI3LQ==}
    engines: {node: '>=10'}

  wrappy@1.0.2:
    resolution: {integrity: sha512-l4Sp/DRseor9wL6EvV2+TuQn63dMkPjZ/sp9XkghTEbV9KlPS1xUsZ3u7/IQO4wxtcFB4bgpQPRcR3QCvezPcQ==}

snapshots:

  balanced-match@1.0.2:
    optional: true

  brace-expansion@1.1.11:
    dependencies:
      balanced-match: 1.0.2
      concat-map: 0.0.1
    optional: true

  bunyan@1.8.15:
    optionalDependencies:
      dtrace-provider: 0.8.8
      moment: 2.30.1
      mv: 2.1.1
      safe-json-stringify: 1.2.0

  concat-map@0.0.1:
    optional: true

  dtrace-provider@0.8.8:
    dependencies:
      nan: 2.20.0
    optional: true

  glob@6.0.4:
    dependencies:
      inflight: 1.0.6
      inherits: 2.0.4
      minimatch: 3.1.2
      once: 1.4.0
      path-is-absolute: 1.0.1
    optional: true

  inflight@1.0.6:
    dependencies:
      once: 1.4.0
      wrappy: 1.0.2
    optional: true

  inherits@2.0.4:
    optional: true

  minimatch@3.1.2:
    dependencies:
      brace-expansion: 1.1.11
    optional: true

  minimist@1.2.8:
    optional: true

  mkdirp@0.5.6:
    dependencies:
      minimist: 1.2.8
    optional: true

  moment@2.30.1:
    optional: true

  mv@2.1.1:
    dependencies:
      mkdirp: 0.5.6
      ncp: 2.0.0
      rimraf: 2.4.5
    optional: true

  nan@2.20.0:
    optional: true

  ncp@2.0.0:
    optional: true

  once@1.4.0:
    dependencies:
      wrappy: 1.0.2
    optional: true

  path-is-absolute@1.0.1:
    optional: true

  rimraf@2.4.5:
    dependencies:
      glob: 6.0.4
    optional: true

  safe-json-stringify@1.2.0:
    optional: true

  semver@7.6.3: {}

  serialize-error@8.1.0:
    dependencies:
      type-fest: 0.20.2

  type-fest@0.20.2: {}

  wrappy@1.0.2:
    optional: true
