{
  "requires": true,
  "lockfileVersion": 1,
  "dependencies": {
    "node-fetch": {
      "version": "2.6.0",
      "resolved": "https://registry.npmjs.org/node-fetch/-/node-fetch-2.6.0.tgz",
      "integrity": "sha512-8dG4H5ujfvFiqDmVu9fQ5bOHUC15JMjMY/Zumv26oOvvVJjM67KF8koCWIabKQ1GJIa9r2mMZscBq/TbdOcmNA=="
    },
    "npm-installed-test-app": {
      "version": "file:../npm-installed-test-app-4.5.6.tgz",
      "integrity": "sha512-l35QMAgNDq1A/xqVC9kNRUJKNGRrWo79PvUC+mY1HUaFyJQB8N4F9v8VE8+oUc0/z+SuyVFbSngpxk8nTdUooQ==",
      "requires": {
        "node-fetch": "^2.6.0"
      }
    }
  }
}
