{
  "name": "wrapped-callback-lambda",
  "version": "1.0.0",
  "lockfileVersion": 1,
  "requires": true,
  "dependencies": {
    "@instana/aws-lambda": {
      "version": "file:../../instana-aws-lambda.tgz",
      "integrity": "sha512-BR9u9SolAMq+hxINR7el10fB/Ahc1D7b+zrHxG2IKtnJ2UePPugyB0OqxbqQY/r1GoPGe0WYVnBGqiAZZZ/GdA==",
      "requires": {
        "@instana/core": "^1.76.0",
        "@instana/serverless": "^1.76.0"
      }
    },
    "@instana/core": {
      "version": "1.76.0",
      "resolved": "https://registry.npmjs.org/@instana/core/-/core-1.76.0.tgz",
      "integrity": "sha512-KQnPr9oxLsH9Op4CZ6wpBtzzA5OvRfZCKxeXaRSSbT7UZYZTDyP/0smihtFQXbU1flpe9HgGtqXFgCrLxMZtCw==",
      "requires": {
        "async-hook-jl": "^1.7.6",
        "cls-bluebird": "^2.1.0",
        "emitter-listener": "^1.1.2",
        "methods": "^1.1.2",
        "opentracing": "^0.14.3",
        "redis-commands": "^1.3.5",
        "semver": "5.5.1",
        "shimmer": "1.2.0"
      }
    },
    "@instana/serverless": {
      "version": "1.76.0",
      "resolved": "https://registry.npmjs.org/@instana/serverless/-/serverless-1.76.0.tgz",
      "integrity": "sha512-TpL1r7QLdO9Kqc8er1KXdOYLWzYsZ1bXoUsec2AC61AP1Sto7522BwOdnjS8KmsXMmaQg/A/m5dwv8Eqwoe3Ow==",
      "requires": {
        "semver": "^5.6.0"
      },
      "dependencies": {
        "semver": {
          "version": "5.7.1",
          "resolved": "https://registry.npmjs.org/semver/-/semver-5.7.1.tgz",
          "integrity": "sha512-sauaDf/PZdVgrLTNYHRtpXa1iRiKcaebiKQ1BJdpQlWH2lCvexQdX55snPFyK7QzpudqbCI0qXFfOasHdyNDGQ=="
        }
      }
    },
    "async-hook-jl": {
      "version": "1.7.6",
      "resolved": "https://registry.npmjs.org/async-hook-jl/-/async-hook-jl-1.7.6.tgz",
      "integrity": "sha512-gFaHkFfSxTjvoxDMYqDuGHlcRyUuamF8s+ZTtJdDzqjws4mCt7v0vuV79/E2Wr2/riMQgtG4/yUtXWs1gZ7JMg==",
      "requires": {
        "stack-chain": "^1.3.7"
      }
    },
    "cls-bluebird": {
      "version": "2.1.0",
      "resolved": "https://registry.npmjs.org/cls-bluebird/-/cls-bluebird-2.1.0.tgz",
      "integrity": "sha1-N+8eCAqP+1XC9BZPU28ZGeeWiu4=",
      "requires": {
        "is-bluebird": "^1.0.2",
        "shimmer": "^1.1.0"
      }
    },
    "emitter-listener": {
      "version": "1.1.2",
      "resolved": "https://registry.npmjs.org/emitter-listener/-/emitter-listener-1.1.2.tgz",
      "integrity": "sha512-Bt1sBAGFHY9DKY+4/2cV6izcKJUf5T7/gkdmkxzX/qv9CcGH8xSwVRW5mtX03SWJtRTWSOpzCuWN9rBFYZepZQ==",
      "requires": {
        "shimmer": "^1.2.0"
      }
    },
    "is-bluebird": {
      "version": "1.0.2",
      "resolved": "https://registry.npmjs.org/is-bluebird/-/is-bluebird-1.0.2.tgz",
      "integrity": "sha1-CWQ5Bg9KpBGr7hkUOoTWpVNG1uI="
    },
    "methods": {
      "version": "1.1.2",
      "resolved": "https://registry.npmjs.org/methods/-/methods-1.1.2.tgz",
      "integrity": "sha1-VSmk1nZUE07cxSZmVoNbD4Ua/O4="
    },
    "opentracing": {
      "version": "0.14.4",
      "resolved": "https://registry.npmjs.org/opentracing/-/opentracing-0.14.4.tgz",
      "integrity": "sha512-nNnZDkUNExBwEpb7LZaeMeQgvrlO8l4bgY/LvGNZCR0xG/dGWqHqjKrAmR5GUoYo0FIz38kxasvA1aevxWs2CA=="
    },
    "redis-commands": {
      "version": "1.5.0",
      "resolved": "https://registry.npmjs.org/redis-commands/-/redis-commands-1.5.0.tgz",
      "integrity": "sha512-6KxamqpZ468MeQC3bkWmCB1fp56XL64D4Kf0zJSwDZbVLLm7KFkoIcHrgRvQ+sk8dnhySs7+yBg94yIkAK7aJg=="
    },
    "semver": {
      "version": "5.5.1",
      "resolved": "https://registry.npmjs.org/semver/-/semver-5.5.1.tgz",
      "integrity": "sha512-PqpAxfrEhlSUWge8dwIp4tZnQ25DIOthpiaHNIthsjEFQD6EvqUKUDM7L8O2rShkFccYo1VjJR0coWfNkCubRw=="
    },
    "shimmer": {
      "version": "1.2.0",
      "resolved": "https://registry.npmjs.org/shimmer/-/shimmer-1.2.0.tgz",
      "integrity": "sha512-xTCx2vohXC2EWWDqY/zb4+5Mu28D+HYNSOuFzsyRDRvI/e1ICb69afwaUwfjr+25ZXldbOLyp+iDUZHq8UnTag=="
    },
    "stack-chain": {
      "version": "1.3.7",
      "resolved": "https://registry.npmjs.org/stack-chain/-/stack-chain-1.3.7.tgz",
      "integrity": "sha1-0ZLJ/06moiyUxN1FkXHj8AzqEoU="
    }
  }
}
