{
	"name": "@instana/aws-fargate",
	"version": "1.137.1",
	"lockfileVersion": 2,
	"requires": true,
	"packages": {
		"": {
			"name": "@instana/aws-fargate",
			"version": "1.137.1",
			"license": "MIT",
			"devDependencies": {
				"node-fetch": "^2.6.1"
			},
			"engines": {
				"node": ">=8.6.0"
			}
		},
		"node_modules/node-fetch": {
			"version": "2.6.1",
			"resolved": "https://registry.npmjs.org/node-fetch/-/node-fetch-2.6.1.tgz",
			"integrity": "sha512-V4aYg89jEoVRxRb2fJdAg8FHvI7cEyYdVAh94HH0UIK8oJxUfkjlDQN9RbMx+bEjP7+ggMiFRprSti032Oipxw==",
			"dev": true,
			"engines": {
				"node": "4.x || >=6.0.0"
			}
		}
	},
	"dependencies": {
		"node-fetch": {
			"version": "2.6.1",
			"resolved": "https://registry.npmjs.org/node-fetch/-/node-fetch-2.6.1.tgz",
			"integrity": "sha512-V4aYg89jEoVRxRb2fJdAg8FHvI7cEyYdVAh94HH0UIK8oJxUfkjlDQN9RbMx+bEjP7+ggMiFRprSti032Oipxw==",
			"dev": true
		}
	}
}
