{
	"name": "@instana/autoprofile",
	"version": "1.137.1",
	"lockfileVersion": 2,
	"requires": true,
	"packages": {
		"": {
			"name": "@instana/autoprofile",
			"version": "1.137.1",
			"license": "BSD-3-Clause",
			"dependencies": {
				"detect-libc": "^1.0.3",
				"nan": "^2.14.2",
				"node-abi": "^2.30.0"
			},
			"engines": {
				"node": ">=6.4.0"
			}
		},
		"node_modules/detect-libc": {
			"version": "1.0.3",
			"resolved": "https://registry.npmjs.org/detect-libc/-/detect-libc-1.0.3.tgz",
			"integrity": "sha1-+hN8S9aY7fVc1c0CrFWfkaTEups=",
			"bin": {
				"detect-libc": "bin/detect-libc.js"
			},
			"engines": {
				"node": ">=0.10"
			}
		},
		"node_modules/nan": {
			"version": "2.14.2",
			"resolved": "https://registry.npmjs.org/nan/-/nan-2.14.2.tgz",
			"integrity": "sha512-M2ufzIiINKCuDfBSAUr1vWQ+vuVcA9kqx8JJUsbQi6yf1uGRyb7HfpdfUr5qLXf3B/t8dPvcjhKMmlfnP47EzQ=="
		},
		"node_modules/node-abi": {
			"version": "2.30.0",
			"resolved": "https://registry.npmjs.org/node-abi/-/node-abi-2.30.0.tgz",
			"integrity": "sha512-g6bZh3YCKQRdwuO/tSZZYJAw622SjsRfJ2X0Iy4sSOHZ34/sPPdVBn8fev2tj7njzLwuqPw9uMtGsGkO5kIQvg==",
			"dependencies": {
				"semver": "^5.4.1"
			}
		},
		"node_modules/node-abi/node_modules/semver": {
			"version": "5.7.1",
			"resolved": "https://registry.npmjs.org/semver/-/semver-5.7.1.tgz",
			"integrity": "sha512-sauaDf/PZdVgrLTNYHRtpXa1iRiKcaebiKQ1BJdpQlWH2lCvexQdX55snPFyK7QzpudqbCI0qXFfOasHdyNDGQ==",
			"bin": {
				"semver": "bin/semver"
			}
		}
	},
	"dependencies": {
		"detect-libc": {
			"version": "1.0.3",
			"resolved": "https://registry.npmjs.org/detect-libc/-/detect-libc-1.0.3.tgz",
			"integrity": "sha1-+hN8S9aY7fVc1c0CrFWfkaTEups="
		},
		"nan": {
			"version": "2.14.2",
			"resolved": "https://registry.npmjs.org/nan/-/nan-2.14.2.tgz",
			"integrity": "sha512-M2ufzIiINKCuDfBSAUr1vWQ+vuVcA9kqx8JJUsbQi6yf1uGRyb7HfpdfUr5qLXf3B/t8dPvcjhKMmlfnP47EzQ=="
		},
		"node-abi": {
			"version": "2.30.0",
			"resolved": "https://registry.npmjs.org/node-abi/-/node-abi-2.30.0.tgz",
			"integrity": "sha512-g6bZh3YCKQRdwuO/tSZZYJAw622SjsRfJ2X0Iy4sSOHZ34/sPPdVBn8fev2tj7njzLwuqPw9uMtGsGkO5kIQvg==",
			"requires": {
				"semver": "^5.4.1"
			},
			"dependencies": {
				"semver": {
					"version": "5.7.1",
					"resolved": "https://registry.npmjs.org/semver/-/semver-5.7.1.tgz",
					"integrity": "sha512-sauaDf/PZdVgrLTNYHRtpXa1iRiKcaebiKQ1BJdpQlWH2lCvexQdX55snPFyK7QzpudqbCI0qXFfOasHdyNDGQ=="
				}
			}
		}
	}
}
