lockfileVersion: '9.0'

settings:
  autoInstallPeers: true
  excludeLinksFromLockfile: false

importers:

  .:
    dependencies:
      '@instana/core':
        specifier: workspace:../core
        version: link:../core
      detect-libc:
        specifier: ^2.0.2
        version: 2.0.3
      nan:
        specifier: ^2.14.2
        version: 2.20.0
      node-gyp-build:
        specifier: ^4.7.1
        version: 4.8.1
      semver:
        specifier: ^7.5.4
        version: 7.6.3

packages:

  detect-libc@2.0.3:
    resolution: {integrity: sha512-bwy0MGW55bG41VqxxypOsdSdGqLwXPI/focwgTYCFMbdUiBAxLg9CFzG08sz2aqzknwiX7Hkl0bQENjg8iLByw==}
    engines: {node: '>=8'}

  nan@2.20.0:
    resolution: {integrity: sha512-bk3gXBZDGILuuo/6sKtr0DQmSThYHLtNCdSdXk9YkxD/jK6X2vmCyyXBBxyqZ4XcnzTyYEAThfX3DCEnLf6igw==}

  node-gyp-build@4.8.1:
    resolution: {integrity: sha512-OSs33Z9yWr148JZcbZd5WiAXhh/n9z8TxQcdMhIOlpN9AhWpLfvVFO73+m77bBABQMaY9XSvIa+qk0jlI7Gcaw==}
    hasBin: true

  semver@7.6.3:
    resolution: {integrity: sha512-oVekP1cKtI+CTDvHWYFUcMtsK/00wmAEfyqKfNdARm8u1wNVhSgaX7A8d4UuIlUI5e84iEwOhs7ZPYRmzU9U6A==}
    engines: {node: '>=10'}
    hasBin: true

snapshots:

  detect-libc@2.0.3: {}

  nan@2.20.0: {}

  node-gyp-build@4.8.1: {}

  semver@7.6.3: {}
