{
	"name": "@instana/core",
	"version": "2.36.2",
	"lockfileVersion": 2,
	"requires": true,
	"packages": {
		"": {
			"name": "@instana/core",
			"version": "2.36.2",
			"license": "MIT",
			"dependencies": {
				"@opentelemetry/api": "1.4.1",
				"@opentelemetry/context-async-hooks": "1.18.1",
				"@opentelemetry/instrumentation-fs": "0.8.1",
				"@opentelemetry/instrumentation-restify": "0.34.0",
				"@opentelemetry/instrumentation-socket.io": "0.33.3",
				"@opentelemetry/sdk-trace-base": "1.14.0",
				"cls-bluebird": "^2.1.0",
				"lru-cache": "6.0.0",
				"methods": "^1.1.2",
				"opentracing": "^0.14.5",
				"semver": "7.5.4",
				"shimmer": "1.2.1"
			},
			"devDependencies": {
				"no-code2": "2.0.0"
			}
		},
		"node_modules/@opentelemetry/api": {
			"version": "1.4.1",
			"resolved": "https://registry.npmjs.org/@opentelemetry/api/-/api-1.4.1.tgz",
			"integrity": "sha512-O2yRJce1GOc6PAy3QxFM4NzFiWzvScDC1/5ihYBL6BUEVdq0XMWN01sppE+H6bBXbaFYipjwFLEWLg5PaSOThA==",
			"engines": {
				"node": ">=8.0.0"
			}
		},
		"node_modules/@opentelemetry/context-async-hooks": {
			"version": "1.18.1",
			"resolved": "https://registry.npmjs.org/@opentelemetry/context-async-hooks/-/context-async-hooks-1.18.1.tgz",
			"integrity": "sha512-HHfJR32NH2x0b69CACCwH8m1dpNALoCTtpgmIWMNkeMGNUeKT48d4AX4xsF4uIRuUoRTbTgtSBRvS+cF97qwCQ==",
			"engines": {
				"node": ">=14"
			},
			"peerDependencies": {
				"@opentelemetry/api": ">=1.0.0 <1.8.0"
			}
		},
		"node_modules/@opentelemetry/core": {
			"version": "1.14.0",
			"resolved": "https://registry.npmjs.org/@opentelemetry/core/-/core-1.14.0.tgz",
			"integrity": "sha512-MnMZ+sxsnlzloeuXL2nm5QcNczt/iO82UOeQQDHhV83F2fP3sgntW2evvtoxJki0MBLxEsh5ADD7PR/Hn5uzjw==",
			"dependencies": {
				"@opentelemetry/semantic-conventions": "1.14.0"
			},
			"engines": {
				"node": ">=14"
			},
			"peerDependencies": {
				"@opentelemetry/api": ">=1.0.0 <1.5.0"
			}
		},
		"node_modules/@opentelemetry/instrumentation": {
			"version": "0.39.1",
			"resolved": "https://registry.npmjs.org/@opentelemetry/instrumentation/-/instrumentation-0.39.1.tgz",
			"integrity": "sha512-s7/9tPmM0l5KCd07VQizC4AO2/5UJdkXq5gMSHPdCeiMKSeBEdyDyQX7A+Cq+RYZM452qzFmrJ4ut628J5bnSg==",
			"dependencies": {
				"require-in-the-middle": "^7.1.0",
				"semver": "^7.3.2",
				"shimmer": "^1.2.1"
			},
			"engines": {
				"node": ">=14"
			},
			"peerDependencies": {
				"@opentelemetry/api": "^1.3.0"
			}
		},
		"node_modules/@opentelemetry/instrumentation-fs": {
			"version": "0.8.1",
			"resolved": "https://registry.npmjs.org/@opentelemetry/instrumentation-fs/-/instrumentation-fs-0.8.1.tgz",
			"integrity": "sha512-a5U6ydfqVeT4Zp6GL5lZDZNJAmic3CCtgg/f2yqvnpq2fE0cyD/XlW9JWzGhAJaq29E1bxtb9FJ0n6ee3c9dYQ==",
			"dependencies": {
				"@opentelemetry/core": "^1.8.0",
				"@opentelemetry/instrumentation": "^0.41.2",
				"@opentelemetry/semantic-conventions": "^1.0.0"
			},
			"engines": {
				"node": ">=14"
			},
			"peerDependencies": {
				"@opentelemetry/api": "^1.3.0"
			}
		},
		"node_modules/@opentelemetry/instrumentation-fs/node_modules/@opentelemetry/instrumentation": {
			"version": "0.41.2",
			"resolved": "https://registry.npmjs.org/@opentelemetry/instrumentation/-/instrumentation-0.41.2.tgz",
			"integrity": "sha512-rxU72E0pKNH6ae2w5+xgVYZLzc5mlxAbGzF4shxMVK8YC2QQsfN38B2GPbj0jvrKWWNUElfclQ+YTykkNg/grw==",
			"dependencies": {
				"@types/shimmer": "^1.0.2",
				"import-in-the-middle": "1.4.2",
				"require-in-the-middle": "^7.1.1",
				"semver": "^7.5.1",
				"shimmer": "^1.2.1"
			},
			"engines": {
				"node": ">=14"
			},
			"peerDependencies": {
				"@opentelemetry/api": "^1.3.0"
			}
		},
		"node_modules/@opentelemetry/instrumentation-restify": {
			"version": "0.34.0",
			"resolved": "https://registry.npmjs.org/@opentelemetry/instrumentation-restify/-/instrumentation-restify-0.34.0.tgz",
			"integrity": "sha512-KQZxg6aTaeDXk0NSjdY1Zd1N4BPnefFqOaTk/QuXElASwUGVwJESRvOVXfhtM+3sILbMccwSwPYwqSowYQn0LA==",
			"dependencies": {
				"@opentelemetry/core": "^1.8.0",
				"@opentelemetry/instrumentation": "^0.41.2",
				"@opentelemetry/semantic-conventions": "^1.0.0"
			},
			"engines": {
				"node": ">=14"
			},
			"peerDependencies": {
				"@opentelemetry/api": "^1.3.0"
			}
		},
		"node_modules/@opentelemetry/instrumentation-restify/node_modules/@opentelemetry/instrumentation": {
			"version": "0.41.2",
			"resolved": "https://registry.npmjs.org/@opentelemetry/instrumentation/-/instrumentation-0.41.2.tgz",
			"integrity": "sha512-rxU72E0pKNH6ae2w5+xgVYZLzc5mlxAbGzF4shxMVK8YC2QQsfN38B2GPbj0jvrKWWNUElfclQ+YTykkNg/grw==",
			"dependencies": {
				"@types/shimmer": "^1.0.2",
				"import-in-the-middle": "1.4.2",
				"require-in-the-middle": "^7.1.1",
				"semver": "^7.5.1",
				"shimmer": "^1.2.1"
			},
			"engines": {
				"node": ">=14"
			},
			"peerDependencies": {
				"@opentelemetry/api": "^1.3.0"
			}
		},
		"node_modules/@opentelemetry/instrumentation-socket.io": {
			"version": "0.33.3",
			"resolved": "https://registry.npmjs.org/@opentelemetry/instrumentation-socket.io/-/instrumentation-socket.io-0.33.3.tgz",
			"integrity": "sha512-Tk0WwIQPKmm+j5EWbQwc111utkk+TkkIbJlV0O+vVHFaUjuP0lQ52eFCw2O8WClOUBa9SxnIt1Bul8bSntXJhQ==",
			"dependencies": {
				"@opentelemetry/instrumentation": "^0.39.1",
				"@opentelemetry/semantic-conventions": "^1.0.0"
			},
			"engines": {
				"node": ">=14.0"
			},
			"peerDependencies": {
				"@opentelemetry/api": "^1.3.0"
			}
		},
		"node_modules/@opentelemetry/resources": {
			"version": "1.14.0",
			"resolved": "https://registry.npmjs.org/@opentelemetry/resources/-/resources-1.14.0.tgz",
			"integrity": "sha512-qRfWIgBxxl3z47E036Aey0Lj2ZjlFb27Q7Xnj1y1z/P293RXJZGLtcfn/w8JF7v1Q2hs3SDGxz7Wb9Dko1YUQA==",
			"dependencies": {
				"@opentelemetry/core": "1.14.0",
				"@opentelemetry/semantic-conventions": "1.14.0"
			},
			"engines": {
				"node": ">=14"
			},
			"peerDependencies": {
				"@opentelemetry/api": ">=1.0.0 <1.5.0"
			}
		},
		"node_modules/@opentelemetry/sdk-trace-base": {
			"version": "1.14.0",
			"resolved": "https://registry.npmjs.org/@opentelemetry/sdk-trace-base/-/sdk-trace-base-1.14.0.tgz",
			"integrity": "sha512-NzRGt3PS+HPKfQYMb6Iy8YYc5OKA73qDwci/6ujOIvyW9vcqBJSWbjZ8FeLEAmuatUB5WrRhEKu9b0sIiIYTrQ==",
			"dependencies": {
				"@opentelemetry/core": "1.14.0",
				"@opentelemetry/resources": "1.14.0",
				"@opentelemetry/semantic-conventions": "1.14.0"
			},
			"engines": {
				"node": ">=14"
			},
			"peerDependencies": {
				"@opentelemetry/api": ">=1.0.0 <1.5.0"
			}
		},
		"node_modules/@opentelemetry/semantic-conventions": {
			"version": "1.14.0",
			"resolved": "https://registry.npmjs.org/@opentelemetry/semantic-conventions/-/semantic-conventions-1.14.0.tgz",
			"integrity": "sha512-rJfCY8rCWz3cb4KI6pEofnytvMPuj3YLQwoscCCYZ5DkdiPjo15IQ0US7+mjcWy9H3fcZIzf2pbJZ7ck/h4tug==",
			"engines": {
				"node": ">=14"
			}
		},
		"node_modules/@types/shimmer": {
			"version": "1.0.3",
			"resolved": "https://registry.npmjs.org/@types/shimmer/-/shimmer-1.0.3.tgz",
			"integrity": "sha512-F/IjUGnV6pIN7R4ZV4npHJVoNtaLZWvb+2/9gctxjb99wkpI7Ozg8VPogwDiTRyjLwZXAYxjvdg1KS8LTHKdDA=="
		},
		"node_modules/acorn": {
			"version": "8.10.0",
			"resolved": "https://registry.npmjs.org/acorn/-/acorn-8.10.0.tgz",
			"integrity": "sha512-F0SAmZ8iUtS//m8DmCTA0jlh6TDKkHQyK6xc6V4KDTyZKA9dnvX9/3sRTVQrWm79glUAZbnmmNcdYwUIHWVybw==",
			"bin": {
				"acorn": "bin/acorn"
			},
			"engines": {
				"node": ">=0.4.0"
			}
		},
		"node_modules/acorn-import-assertions": {
			"version": "1.9.0",
			"resolved": "https://registry.npmjs.org/acorn-import-assertions/-/acorn-import-assertions-1.9.0.tgz",
			"integrity": "sha512-cmMwop9x+8KFhxvKrKfPYmN6/pKTYYHBqLa0DfvVZcKMJWNyWLnaqND7dx/qn66R7ewM1UX5XMaDVP5wlVTaVA==",
			"peerDependencies": {
				"acorn": "^8"
			}
		},
		"node_modules/cjs-module-lexer": {
			"version": "1.2.3",
			"resolved": "https://registry.npmjs.org/cjs-module-lexer/-/cjs-module-lexer-1.2.3.tgz",
			"integrity": "sha512-0TNiGstbQmCFwt4akjjBg5pLRTSyj/PkWQ1ZoO2zntmg9yLqSRxwEa4iCfQLGjqhiqBfOJa7W/E8wfGrTDmlZQ=="
		},
		"node_modules/cls-bluebird": {
			"version": "2.1.0",
			"resolved": "https://registry.npmjs.org/cls-bluebird/-/cls-bluebird-2.1.0.tgz",
			"integrity": "sha1-N+8eCAqP+1XC9BZPU28ZGeeWiu4=",
			"dependencies": {
				"is-bluebird": "^1.0.2",
				"shimmer": "^1.1.0"
			}
		},
		"node_modules/debug": {
			"version": "4.3.4",
			"resolved": "https://registry.npmjs.org/debug/-/debug-4.3.4.tgz",
			"integrity": "sha512-PRWFHuSU3eDtQJPvnNY7Jcket1j0t5OuOsFzPPzsekD52Zl8qUfFIPEiswXqIvHWGVHOgX+7G/vCNNhehwxfkQ==",
			"dependencies": {
				"ms": "2.1.2"
			},
			"engines": {
				"node": ">=6.0"
			},
			"peerDependenciesMeta": {
				"supports-color": {
					"optional": true
				}
			}
		},
		"node_modules/function-bind": {
			"version": "1.1.1",
			"resolved": "https://registry.npmjs.org/function-bind/-/function-bind-1.1.1.tgz",
			"integrity": "sha512-yIovAzMX49sF8Yl58fSCWJ5svSLuaibPxXQJFLmBObTuCr0Mf1KiPopGM9NiFjiYBCbfaa2Fh6breQ6ANVTI0A=="
		},
		"node_modules/has": {
			"version": "1.0.3",
			"resolved": "https://registry.npmjs.org/has/-/has-1.0.3.tgz",
			"integrity": "sha512-f2dvO0VU6Oej7RkWJGrehjbzMAjFp5/VKPp5tTpWIV4JHHZK1/BxbFRtf/siA2SWTe09caDmVtYYzWEIbBS4zw==",
			"dependencies": {
				"function-bind": "^1.1.1"
			},
			"engines": {
				"node": ">= 0.4.0"
			}
		},
		"node_modules/import-in-the-middle": {
			"version": "1.4.2",
			"resolved": "https://registry.npmjs.org/import-in-the-middle/-/import-in-the-middle-1.4.2.tgz",
			"integrity": "sha512-9WOz1Yh/cvO/p69sxRmhyQwrIGGSp7EIdcb+fFNVi7CzQGQB8U1/1XrKVSbEd/GNOAeM0peJtmi7+qphe7NvAw==",
			"dependencies": {
				"acorn": "^8.8.2",
				"acorn-import-assertions": "^1.9.0",
				"cjs-module-lexer": "^1.2.2",
				"module-details-from-path": "^1.0.3"
			}
		},
		"node_modules/is-bluebird": {
			"version": "1.0.2",
			"resolved": "https://registry.npmjs.org/is-bluebird/-/is-bluebird-1.0.2.tgz",
			"integrity": "sha1-CWQ5Bg9KpBGr7hkUOoTWpVNG1uI=",
			"engines": {
				"node": ">=0.10.0"
			}
		},
		"node_modules/is-core-module": {
			"version": "2.12.1",
			"resolved": "https://registry.npmjs.org/is-core-module/-/is-core-module-2.12.1.tgz",
			"integrity": "sha512-Q4ZuBAe2FUsKtyQJoQHlvP8OvBERxO3jEmy1I7hcRXcJBGGHFh/aJBswbXuS9sgrDH2QUO8ilkwNPHvHMd8clg==",
			"dependencies": {
				"has": "^1.0.3"
			},
			"funding": {
				"url": "https://github.com/sponsors/ljharb"
			}
		},
		"node_modules/lru-cache": {
			"version": "6.0.0",
			"resolved": "https://registry.npmjs.org/lru-cache/-/lru-cache-6.0.0.tgz",
			"integrity": "sha512-Jo6dJ04CmSjuznwJSS3pUeWmd/H0ffTlkXXgwZi+eq1UCmqQwCh+eLsYOYCwY991i2Fah4h1BEMCx4qThGbsiA==",
			"dependencies": {
				"yallist": "^4.0.0"
			},
			"engines": {
				"node": ">=10"
			}
		},
		"node_modules/methods": {
			"version": "1.1.2",
			"resolved": "https://registry.npmjs.org/methods/-/methods-1.1.2.tgz",
			"integrity": "sha1-VSmk1nZUE07cxSZmVoNbD4Ua/O4=",
			"engines": {
				"node": ">= 0.6"
			}
		},
		"node_modules/module-details-from-path": {
			"version": "1.0.3",
			"resolved": "https://registry.npmjs.org/module-details-from-path/-/module-details-from-path-1.0.3.tgz",
			"integrity": "sha512-ySViT69/76t8VhE1xXHK6Ch4NcDd26gx0MzKXLO+F7NOtnqH68d9zF94nT8ZWSxXh8ELOERsnJO/sWt1xZYw5A=="
		},
		"node_modules/ms": {
			"version": "2.1.2",
			"resolved": "https://registry.npmjs.org/ms/-/ms-2.1.2.tgz",
			"integrity": "sha512-sGkPx+VjMtmA6MX27oA4FBFELFCZZ4S4XqeGOXCv68tT+jb3vk/RyaKWP0PTKyWtmLSM0b+adUTEvbs1PEaH2w=="
		},
		"node_modules/no-code2": {
			"version": "2.0.0",
			"resolved": "https://registry.npmjs.org/no-code2/-/no-code2-2.0.0.tgz",
			"integrity": "sha512-RX763SjA6J4G2ndDNAtTAt4waLujGuTiPWzYDEevNDD5a7W2eXRM/OmNWQmEQ1a2AtlHlxi9hRD8iIHPGjC4dg==",
			"dev": true
		},
		"node_modules/opentracing": {
			"version": "0.14.5",
			"resolved": "https://registry.npmjs.org/opentracing/-/opentracing-0.14.5.tgz",
			"integrity": "sha512-XLKtEfHxqrWyF1fzxznsv78w3csW41ucHnjiKnfzZLD5FN8UBDZZL1i4q0FR29zjxXhm+2Hop+5Vr/b8tKIvEg==",
			"engines": {
				"node": ">=0.10"
			}
		},
		"node_modules/path-parse": {
			"version": "1.0.7",
			"resolved": "https://registry.npmjs.org/path-parse/-/path-parse-1.0.7.tgz",
			"integrity": "sha512-LDJzPVEEEPR+y48z93A0Ed0yXb8pAByGWo/k5YYdYgpY2/2EsOsksJrq7lOHxryrVOn1ejG6oAp8ahvOIQD8sw=="
		},
		"node_modules/require-in-the-middle": {
			"version": "7.1.1",
			"resolved": "https://registry.npmjs.org/require-in-the-middle/-/require-in-the-middle-7.1.1.tgz",
			"integrity": "sha512-OScOjQjrrjhAdFpQmnkE/qbIBGCRFhQB/YaJhcC3CPOlmhe7llnW46Ac1J5+EjcNXOTnDdpF96Erw/yedsGksQ==",
			"dependencies": {
				"debug": "^4.1.1",
				"module-details-from-path": "^1.0.3",
				"resolve": "^1.22.1"
			},
			"engines": {
				"node": ">=8.6.0"
			}
		},
		"node_modules/resolve": {
			"version": "1.22.2",
			"resolved": "https://registry.npmjs.org/resolve/-/resolve-1.22.2.tgz",
			"integrity": "sha512-Sb+mjNHOULsBv818T40qSPeRiuWLyaGMa5ewydRLFimneixmVy2zdivRl+AF6jaYPC8ERxGDmFSiqui6SfPd+g==",
			"dependencies": {
				"is-core-module": "^2.11.0",
				"path-parse": "^1.0.7",
				"supports-preserve-symlinks-flag": "^1.0.0"
			},
			"bin": {
				"resolve": "bin/resolve"
			},
			"funding": {
				"url": "https://github.com/sponsors/ljharb"
			}
		},
		"node_modules/semver": {
			"version": "7.5.4",
			"resolved": "https://registry.npmjs.org/semver/-/semver-7.5.4.tgz",
			"integrity": "sha512-1bCSESV6Pv+i21Hvpxp3Dx+pSD8lIPt8uVjRrxAUt/nbswYc+tK6Y2btiULjd4+fnq15PX+nqQDC7Oft7WkwcA==",
			"dependencies": {
				"lru-cache": "^6.0.0"
			},
			"bin": {
				"semver": "bin/semver.js"
			},
			"engines": {
				"node": ">=10"
			}
		},
		"node_modules/shimmer": {
			"version": "1.2.1",
			"resolved": "https://registry.npmjs.org/shimmer/-/shimmer-1.2.1.tgz",
			"integrity": "sha512-sQTKC1Re/rM6XyFM6fIAGHRPVGvyXfgzIDvzoq608vM+jeyVD0Tu1E6Np0Kc2zAIFWIj963V2800iF/9LPieQw=="
		},
		"node_modules/supports-preserve-symlinks-flag": {
			"version": "1.0.0",
			"resolved": "https://registry.npmjs.org/supports-preserve-symlinks-flag/-/supports-preserve-symlinks-flag-1.0.0.tgz",
			"integrity": "sha512-ot0WnXS9fgdkgIcePe6RHNk1WA8+muPa6cSjeR3V8K27q9BB1rTE3R1p7Hv0z1ZyAc8s6Vvv8DIyWf681MAt0w==",
			"engines": {
				"node": ">= 0.4"
			},
			"funding": {
				"url": "https://github.com/sponsors/ljharb"
			}
		},
		"node_modules/yallist": {
			"version": "4.0.0",
			"resolved": "https://registry.npmjs.org/yallist/-/yallist-4.0.0.tgz",
			"integrity": "sha512-3wdGidZyq5PB084XLES5TpOSRA3wjXAlIWMhum2kRcv/41Sn2emQ0dycQW4uZXLejwKvg6EsvbdlVL+FYEct7A=="
		}
	},
	"dependencies": {
		"@opentelemetry/api": {
			"version": "1.4.1",
			"resolved": "https://registry.npmjs.org/@opentelemetry/api/-/api-1.4.1.tgz",
			"integrity": "sha512-O2yRJce1GOc6PAy3QxFM4NzFiWzvScDC1/5ihYBL6BUEVdq0XMWN01sppE+H6bBXbaFYipjwFLEWLg5PaSOThA=="
		},
		"@opentelemetry/context-async-hooks": {
			"version": "1.18.1",
			"resolved": "https://registry.npmjs.org/@opentelemetry/context-async-hooks/-/context-async-hooks-1.18.1.tgz",
			"integrity": "sha512-HHfJR32NH2x0b69CACCwH8m1dpNALoCTtpgmIWMNkeMGNUeKT48d4AX4xsF4uIRuUoRTbTgtSBRvS+cF97qwCQ==",
			"requires": {}
		},
		"@opentelemetry/core": {
			"version": "1.14.0",
			"resolved": "https://registry.npmjs.org/@opentelemetry/core/-/core-1.14.0.tgz",
			"integrity": "sha512-MnMZ+sxsnlzloeuXL2nm5QcNczt/iO82UOeQQDHhV83F2fP3sgntW2evvtoxJki0MBLxEsh5ADD7PR/Hn5uzjw==",
			"requires": {
				"@opentelemetry/semantic-conventions": "1.14.0"
			}
		},
		"@opentelemetry/instrumentation": {
			"version": "0.39.1",
			"resolved": "https://registry.npmjs.org/@opentelemetry/instrumentation/-/instrumentation-0.39.1.tgz",
			"integrity": "sha512-s7/9tPmM0l5KCd07VQizC4AO2/5UJdkXq5gMSHPdCeiMKSeBEdyDyQX7A+Cq+RYZM452qzFmrJ4ut628J5bnSg==",
			"requires": {
				"require-in-the-middle": "^7.1.0",
				"semver": "^7.3.2",
				"shimmer": "^1.2.1"
			}
		},
		"@opentelemetry/instrumentation-fs": {
			"version": "0.8.1",
			"resolved": "https://registry.npmjs.org/@opentelemetry/instrumentation-fs/-/instrumentation-fs-0.8.1.tgz",
			"integrity": "sha512-a5U6ydfqVeT4Zp6GL5lZDZNJAmic3CCtgg/f2yqvnpq2fE0cyD/XlW9JWzGhAJaq29E1bxtb9FJ0n6ee3c9dYQ==",
			"requires": {
				"@opentelemetry/core": "^1.8.0",
				"@opentelemetry/instrumentation": "^0.41.2",
				"@opentelemetry/semantic-conventions": "^1.0.0"
			},
			"dependencies": {
				"@opentelemetry/instrumentation": {
					"version": "0.41.2",
					"resolved": "https://registry.npmjs.org/@opentelemetry/instrumentation/-/instrumentation-0.41.2.tgz",
					"integrity": "sha512-rxU72E0pKNH6ae2w5+xgVYZLzc5mlxAbGzF4shxMVK8YC2QQsfN38B2GPbj0jvrKWWNUElfclQ+YTykkNg/grw==",
					"requires": {
						"@types/shimmer": "^1.0.2",
						"import-in-the-middle": "1.4.2",
						"require-in-the-middle": "^7.1.1",
						"semver": "^7.5.1",
						"shimmer": "^1.2.1"
					}
				}
			}
		},
		"@opentelemetry/instrumentation-restify": {
			"version": "0.34.0",
			"resolved": "https://registry.npmjs.org/@opentelemetry/instrumentation-restify/-/instrumentation-restify-0.34.0.tgz",
			"integrity": "sha512-KQZxg6aTaeDXk0NSjdY1Zd1N4BPnefFqOaTk/QuXElASwUGVwJESRvOVXfhtM+3sILbMccwSwPYwqSowYQn0LA==",
			"requires": {
				"@opentelemetry/core": "^1.8.0",
				"@opentelemetry/instrumentation": "^0.41.2",
				"@opentelemetry/semantic-conventions": "^1.0.0"
			},
			"dependencies": {
				"@opentelemetry/instrumentation": {
					"version": "0.41.2",
					"resolved": "https://registry.npmjs.org/@opentelemetry/instrumentation/-/instrumentation-0.41.2.tgz",
					"integrity": "sha512-rxU72E0pKNH6ae2w5+xgVYZLzc5mlxAbGzF4shxMVK8YC2QQsfN38B2GPbj0jvrKWWNUElfclQ+YTykkNg/grw==",
					"requires": {
						"@types/shimmer": "^1.0.2",
						"import-in-the-middle": "1.4.2",
						"require-in-the-middle": "^7.1.1",
						"semver": "^7.5.1",
						"shimmer": "^1.2.1"
					}
				}
			}
		},
		"@opentelemetry/instrumentation-socket.io": {
			"version": "0.33.3",
			"resolved": "https://registry.npmjs.org/@opentelemetry/instrumentation-socket.io/-/instrumentation-socket.io-0.33.3.tgz",
			"integrity": "sha512-Tk0WwIQPKmm+j5EWbQwc111utkk+TkkIbJlV0O+vVHFaUjuP0lQ52eFCw2O8WClOUBa9SxnIt1Bul8bSntXJhQ==",
			"requires": {
				"@opentelemetry/instrumentation": "^0.39.1",
				"@opentelemetry/semantic-conventions": "^1.0.0"
			}
		},
		"@opentelemetry/resources": {
			"version": "1.14.0",
			"resolved": "https://registry.npmjs.org/@opentelemetry/resources/-/resources-1.14.0.tgz",
			"integrity": "sha512-qRfWIgBxxl3z47E036Aey0Lj2ZjlFb27Q7Xnj1y1z/P293RXJZGLtcfn/w8JF7v1Q2hs3SDGxz7Wb9Dko1YUQA==",
			"requires": {
				"@opentelemetry/core": "1.14.0",
				"@opentelemetry/semantic-conventions": "1.14.0"
			}
		},
		"@opentelemetry/sdk-trace-base": {
			"version": "1.14.0",
			"resolved": "https://registry.npmjs.org/@opentelemetry/sdk-trace-base/-/sdk-trace-base-1.14.0.tgz",
			"integrity": "sha512-NzRGt3PS+HPKfQYMb6Iy8YYc5OKA73qDwci/6ujOIvyW9vcqBJSWbjZ8FeLEAmuatUB5WrRhEKu9b0sIiIYTrQ==",
			"requires": {
				"@opentelemetry/core": "1.14.0",
				"@opentelemetry/resources": "1.14.0",
				"@opentelemetry/semantic-conventions": "1.14.0"
			}
		},
		"@opentelemetry/semantic-conventions": {
			"version": "1.14.0",
			"resolved": "https://registry.npmjs.org/@opentelemetry/semantic-conventions/-/semantic-conventions-1.14.0.tgz",
			"integrity": "sha512-rJfCY8rCWz3cb4KI6pEofnytvMPuj3YLQwoscCCYZ5DkdiPjo15IQ0US7+mjcWy9H3fcZIzf2pbJZ7ck/h4tug=="
		},
		"@types/shimmer": {
			"version": "1.0.3",
			"resolved": "https://registry.npmjs.org/@types/shimmer/-/shimmer-1.0.3.tgz",
			"integrity": "sha512-F/IjUGnV6pIN7R4ZV4npHJVoNtaLZWvb+2/9gctxjb99wkpI7Ozg8VPogwDiTRyjLwZXAYxjvdg1KS8LTHKdDA=="
		},
		"acorn": {
			"version": "8.10.0",
			"resolved": "https://registry.npmjs.org/acorn/-/acorn-8.10.0.tgz",
			"integrity": "sha512-F0SAmZ8iUtS//m8DmCTA0jlh6TDKkHQyK6xc6V4KDTyZKA9dnvX9/3sRTVQrWm79glUAZbnmmNcdYwUIHWVybw=="
		},
		"acorn-import-assertions": {
			"version": "1.9.0",
			"resolved": "https://registry.npmjs.org/acorn-import-assertions/-/acorn-import-assertions-1.9.0.tgz",
			"integrity": "sha512-cmMwop9x+8KFhxvKrKfPYmN6/pKTYYHBqLa0DfvVZcKMJWNyWLnaqND7dx/qn66R7ewM1UX5XMaDVP5wlVTaVA==",
			"requires": {}
		},
		"cjs-module-lexer": {
			"version": "1.2.3",
			"resolved": "https://registry.npmjs.org/cjs-module-lexer/-/cjs-module-lexer-1.2.3.tgz",
			"integrity": "sha512-0TNiGstbQmCFwt4akjjBg5pLRTSyj/PkWQ1ZoO2zntmg9yLqSRxwEa4iCfQLGjqhiqBfOJa7W/E8wfGrTDmlZQ=="
		},
		"cls-bluebird": {
			"version": "2.1.0",
			"resolved": "https://registry.npmjs.org/cls-bluebird/-/cls-bluebird-2.1.0.tgz",
			"integrity": "sha1-N+8eCAqP+1XC9BZPU28ZGeeWiu4=",
			"requires": {
				"is-bluebird": "^1.0.2",
				"shimmer": "^1.1.0"
			}
		},
		"debug": {
			"version": "4.3.4",
			"resolved": "https://registry.npmjs.org/debug/-/debug-4.3.4.tgz",
			"integrity": "sha512-PRWFHuSU3eDtQJPvnNY7Jcket1j0t5OuOsFzPPzsekD52Zl8qUfFIPEiswXqIvHWGVHOgX+7G/vCNNhehwxfkQ==",
			"requires": {
				"ms": "2.1.2"
			}
		},
		"function-bind": {
			"version": "1.1.1",
			"resolved": "https://registry.npmjs.org/function-bind/-/function-bind-1.1.1.tgz",
			"integrity": "sha512-yIovAzMX49sF8Yl58fSCWJ5svSLuaibPxXQJFLmBObTuCr0Mf1KiPopGM9NiFjiYBCbfaa2Fh6breQ6ANVTI0A=="
		},
		"has": {
			"version": "1.0.3",
			"resolved": "https://registry.npmjs.org/has/-/has-1.0.3.tgz",
			"integrity": "sha512-f2dvO0VU6Oej7RkWJGrehjbzMAjFp5/VKPp5tTpWIV4JHHZK1/BxbFRtf/siA2SWTe09caDmVtYYzWEIbBS4zw==",
			"requires": {
				"function-bind": "^1.1.1"
			}
		},
		"import-in-the-middle": {
			"version": "1.4.2",
			"resolved": "https://registry.npmjs.org/import-in-the-middle/-/import-in-the-middle-1.4.2.tgz",
			"integrity": "sha512-9WOz1Yh/cvO/p69sxRmhyQwrIGGSp7EIdcb+fFNVi7CzQGQB8U1/1XrKVSbEd/GNOAeM0peJtmi7+qphe7NvAw==",
			"requires": {
				"acorn": "^8.8.2",
				"acorn-import-assertions": "^1.9.0",
				"cjs-module-lexer": "^1.2.2",
				"module-details-from-path": "^1.0.3"
			}
		},
		"is-bluebird": {
			"version": "1.0.2",
			"resolved": "https://registry.npmjs.org/is-bluebird/-/is-bluebird-1.0.2.tgz",
			"integrity": "sha1-CWQ5Bg9KpBGr7hkUOoTWpVNG1uI="
		},
		"is-core-module": {
			"version": "2.12.1",
			"resolved": "https://registry.npmjs.org/is-core-module/-/is-core-module-2.12.1.tgz",
			"integrity": "sha512-Q4ZuBAe2FUsKtyQJoQHlvP8OvBERxO3jEmy1I7hcRXcJBGGHFh/aJBswbXuS9sgrDH2QUO8ilkwNPHvHMd8clg==",
			"requires": {
				"has": "^1.0.3"
			}
		},
		"lru-cache": {
			"version": "6.0.0",
			"resolved": "https://registry.npmjs.org/lru-cache/-/lru-cache-6.0.0.tgz",
			"integrity": "sha512-Jo6dJ04CmSjuznwJSS3pUeWmd/H0ffTlkXXgwZi+eq1UCmqQwCh+eLsYOYCwY991i2Fah4h1BEMCx4qThGbsiA==",
			"requires": {
				"yallist": "^4.0.0"
			}
		},
		"methods": {
			"version": "1.1.2",
			"resolved": "https://registry.npmjs.org/methods/-/methods-1.1.2.tgz",
			"integrity": "sha1-VSmk1nZUE07cxSZmVoNbD4Ua/O4="
		},
		"module-details-from-path": {
			"version": "1.0.3",
			"resolved": "https://registry.npmjs.org/module-details-from-path/-/module-details-from-path-1.0.3.tgz",
			"integrity": "sha512-ySViT69/76t8VhE1xXHK6Ch4NcDd26gx0MzKXLO+F7NOtnqH68d9zF94nT8ZWSxXh8ELOERsnJO/sWt1xZYw5A=="
		},
		"ms": {
			"version": "2.1.2",
			"resolved": "https://registry.npmjs.org/ms/-/ms-2.1.2.tgz",
			"integrity": "sha512-sGkPx+VjMtmA6MX27oA4FBFELFCZZ4S4XqeGOXCv68tT+jb3vk/RyaKWP0PTKyWtmLSM0b+adUTEvbs1PEaH2w=="
		},
		"no-code2": {
			"version": "2.0.0",
			"resolved": "https://registry.npmjs.org/no-code2/-/no-code2-2.0.0.tgz",
			"integrity": "sha512-RX763SjA6J4G2ndDNAtTAt4waLujGuTiPWzYDEevNDD5a7W2eXRM/OmNWQmEQ1a2AtlHlxi9hRD8iIHPGjC4dg==",
			"dev": true
		},
		"opentracing": {
			"version": "0.14.5",
			"resolved": "https://registry.npmjs.org/opentracing/-/opentracing-0.14.5.tgz",
			"integrity": "sha512-XLKtEfHxqrWyF1fzxznsv78w3csW41ucHnjiKnfzZLD5FN8UBDZZL1i4q0FR29zjxXhm+2Hop+5Vr/b8tKIvEg=="
		},
		"path-parse": {
			"version": "1.0.7",
			"resolved": "https://registry.npmjs.org/path-parse/-/path-parse-1.0.7.tgz",
			"integrity": "sha512-LDJzPVEEEPR+y48z93A0Ed0yXb8pAByGWo/k5YYdYgpY2/2EsOsksJrq7lOHxryrVOn1ejG6oAp8ahvOIQD8sw=="
		},
		"require-in-the-middle": {
			"version": "7.1.1",
			"resolved": "https://registry.npmjs.org/require-in-the-middle/-/require-in-the-middle-7.1.1.tgz",
			"integrity": "sha512-OScOjQjrrjhAdFpQmnkE/qbIBGCRFhQB/YaJhcC3CPOlmhe7llnW46Ac1J5+EjcNXOTnDdpF96Erw/yedsGksQ==",
			"requires": {
				"debug": "^4.1.1",
				"module-details-from-path": "^1.0.3",
				"resolve": "^1.22.1"
			}
		},
		"resolve": {
			"version": "1.22.2",
			"resolved": "https://registry.npmjs.org/resolve/-/resolve-1.22.2.tgz",
			"integrity": "sha512-Sb+mjNHOULsBv818T40qSPeRiuWLyaGMa5ewydRLFimneixmVy2zdivRl+AF6jaYPC8ERxGDmFSiqui6SfPd+g==",
			"requires": {
				"is-core-module": "^2.11.0",
				"path-parse": "^1.0.7",
				"supports-preserve-symlinks-flag": "^1.0.0"
			}
		},
		"semver": {
			"version": "7.5.4",
			"resolved": "https://registry.npmjs.org/semver/-/semver-7.5.4.tgz",
			"integrity": "sha512-1bCSESV6Pv+i21Hvpxp3Dx+pSD8lIPt8uVjRrxAUt/nbswYc+tK6Y2btiULjd4+fnq15PX+nqQDC7Oft7WkwcA==",
			"requires": {
				"lru-cache": "^6.0.0"
			}
		},
		"shimmer": {
			"version": "1.2.1",
			"resolved": "https://registry.npmjs.org/shimmer/-/shimmer-1.2.1.tgz",
			"integrity": "sha512-sQTKC1Re/rM6XyFM6fIAGHRPVGvyXfgzIDvzoq608vM+jeyVD0Tu1E6Np0Kc2zAIFWIj963V2800iF/9LPieQw=="
		},
		"supports-preserve-symlinks-flag": {
			"version": "1.0.0",
			"resolved": "https://registry.npmjs.org/supports-preserve-symlinks-flag/-/supports-preserve-symlinks-flag-1.0.0.tgz",
			"integrity": "sha512-ot0WnXS9fgdkgIcePe6RHNk1WA8+muPa6cSjeR3V8K27q9BB1rTE3R1p7Hv0z1ZyAc8s6Vvv8DIyWf681MAt0w=="
		},
		"yallist": {
			"version": "4.0.0",
			"resolved": "https://registry.npmjs.org/yallist/-/yallist-4.0.0.tgz",
			"integrity": "sha512-3wdGidZyq5PB084XLES5TpOSRA3wjXAlIWMhum2kRcv/41Sn2emQ0dycQW4uZXLejwKvg6EsvbdlVL+FYEct7A=="
		}
	}
}
