{
	"name": "@instana/core",
	"version": "2.9.0",
	"lockfileVersion": 2,
	"requires": true,
	"packages": {
		"": {
			"name": "@instana/core",
			"version": "2.6.1",
			"license": "MIT",
			"dependencies": {
				"async-hook-jl": "^1.7.6",
				"cls-bluebird": "^2.1.0",
				"lru-cache": "6.0.0",
				"methods": "^1.1.2",
				"opentracing": "^0.14.5",
				"redis-commands": "^1.7.0",
				"semver": "7.3.3",
				"shimmer": "1.2.1"
			},
			"devDependencies": {
				"no-code2": "2.0.0"
			}
		},
		"node_modules/async-hook-jl": {
			"version": "1.7.6",
			"resolved": "https://registry.npmjs.org/async-hook-jl/-/async-hook-jl-1.7.6.tgz",
			"integrity": "sha512-gFaHkFfSxTjvoxDMYqDuGHlcRyUuamF8s+ZTtJdDzqjws4mCt7v0vuV79/E2Wr2/riMQgtG4/yUtXWs1gZ7JMg==",
			"dependencies": {
				"stack-chain": "^1.3.7"
			},
			"engines": {
				"node": "^4.7 || >=6.9 || >=7.3"
			}
		},
		"node_modules/cls-bluebird": {
			"version": "2.1.0",
			"resolved": "https://registry.npmjs.org/cls-bluebird/-/cls-bluebird-2.1.0.tgz",
			"integrity": "sha1-N+8eCAqP+1XC9BZPU28ZGeeWiu4=",
			"dependencies": {
				"is-bluebird": "^1.0.2",
				"shimmer": "^1.1.0"
			}
		},
		"node_modules/is-bluebird": {
			"version": "1.0.2",
			"resolved": "https://registry.npmjs.org/is-bluebird/-/is-bluebird-1.0.2.tgz",
			"integrity": "sha1-CWQ5Bg9KpBGr7hkUOoTWpVNG1uI=",
			"engines": {
				"node": ">=0.10.0"
			}
		},
		"node_modules/lru-cache": {
			"version": "6.0.0",
			"resolved": "https://registry.npmjs.org/lru-cache/-/lru-cache-6.0.0.tgz",
			"integrity": "sha512-Jo6dJ04CmSjuznwJSS3pUeWmd/H0ffTlkXXgwZi+eq1UCmqQwCh+eLsYOYCwY991i2Fah4h1BEMCx4qThGbsiA==",
			"dependencies": {
				"yallist": "^4.0.0"
			},
			"engines": {
				"node": ">=10"
			}
		},
		"node_modules/methods": {
			"version": "1.1.2",
			"resolved": "https://registry.npmjs.org/methods/-/methods-1.1.2.tgz",
			"integrity": "sha1-VSmk1nZUE07cxSZmVoNbD4Ua/O4=",
			"engines": {
				"node": ">= 0.6"
			}
		},
		"node_modules/no-code2": {
			"version": "2.0.0",
			"resolved": "https://registry.npmjs.org/no-code2/-/no-code2-2.0.0.tgz",
			"integrity": "sha512-RX763SjA6J4G2ndDNAtTAt4waLujGuTiPWzYDEevNDD5a7W2eXRM/OmNWQmEQ1a2AtlHlxi9hRD8iIHPGjC4dg==",
			"dev": true
		},
		"node_modules/opentracing": {
			"version": "0.14.5",
			"resolved": "https://registry.npmjs.org/opentracing/-/opentracing-0.14.5.tgz",
			"integrity": "sha512-XLKtEfHxqrWyF1fzxznsv78w3csW41ucHnjiKnfzZLD5FN8UBDZZL1i4q0FR29zjxXhm+2Hop+5Vr/b8tKIvEg==",
			"engines": {
				"node": ">=0.10"
			}
		},
		"node_modules/pseudomap": {
			"version": "1.0.2",
			"resolved": "https://registry.npmjs.org/pseudomap/-/pseudomap-1.0.2.tgz",
			"integrity": "sha1-8FKijacOYYkX7wqKw0wa5aaChrM="
		},
		"node_modules/redis-commands": {
			"version": "1.7.0",
			"resolved": "https://registry.npmjs.org/redis-commands/-/redis-commands-1.7.0.tgz",
			"integrity": "sha512-nJWqw3bTFy21hX/CPKHth6sfhZbdiHP6bTawSgQBlKOVRG7EZkfHbbHwQJnrE4vsQf0CMNE+3gJ4Fmm16vdVlQ=="
		},
		"node_modules/semver": {
			"version": "7.3.3",
			"resolved": "https://registry.npmjs.org/semver/-/semver-7.3.3.tgz",
			"integrity": "sha512-kBGrn+sE2tyi6f4c9aFrrYRSTTF5yNOEVRBCdpcgykFp3jt2ZGlBwzIwWER9J9HZnQa9IF1TrR8Xy2UU+eaUhQ==",
			"dependencies": {
				"lru-cache": "^4.1.5"
			},
			"bin": {
				"semver": "bin/semver.js"
			},
			"engines": {
				"node": ">=10"
			}
		},
		"node_modules/semver/node_modules/lru-cache": {
			"version": "4.1.5",
			"resolved": "https://registry.npmjs.org/lru-cache/-/lru-cache-4.1.5.tgz",
			"integrity": "sha512-sWZlbEP2OsHNkXrMl5GYk/jKk70MBng6UU4YI/qGDYbgf6YbP4EvmqISbXCoJiRKs+1bSpFHVgQxvJ17F2li5g==",
			"dependencies": {
				"pseudomap": "^1.0.2",
				"yallist": "^2.1.2"
			}
		},
		"node_modules/semver/node_modules/yallist": {
			"version": "2.1.2",
			"resolved": "https://registry.npmjs.org/yallist/-/yallist-2.1.2.tgz",
			"integrity": "sha1-HBH5IY8HYImkfdUS+TxmmaaoHVI="
		},
		"node_modules/shimmer": {
			"version": "1.2.1",
			"resolved": "https://registry.npmjs.org/shimmer/-/shimmer-1.2.1.tgz",
			"integrity": "sha512-sQTKC1Re/rM6XyFM6fIAGHRPVGvyXfgzIDvzoq608vM+jeyVD0Tu1E6Np0Kc2zAIFWIj963V2800iF/9LPieQw=="
		},
		"node_modules/stack-chain": {
			"version": "1.3.7",
			"resolved": "https://registry.npmjs.org/stack-chain/-/stack-chain-1.3.7.tgz",
			"integrity": "sha1-0ZLJ/06moiyUxN1FkXHj8AzqEoU="
		},
		"node_modules/yallist": {
			"version": "4.0.0",
			"resolved": "https://registry.npmjs.org/yallist/-/yallist-4.0.0.tgz",
			"integrity": "sha512-3wdGidZyq5PB084XLES5TpOSRA3wjXAlIWMhum2kRcv/41Sn2emQ0dycQW4uZXLejwKvg6EsvbdlVL+FYEct7A=="
		}
	},
	"dependencies": {
		"async-hook-jl": {
			"version": "1.7.6",
			"resolved": "https://registry.npmjs.org/async-hook-jl/-/async-hook-jl-1.7.6.tgz",
			"integrity": "sha512-gFaHkFfSxTjvoxDMYqDuGHlcRyUuamF8s+ZTtJdDzqjws4mCt7v0vuV79/E2Wr2/riMQgtG4/yUtXWs1gZ7JMg==",
			"requires": {
				"stack-chain": "^1.3.7"
			}
		},
		"cls-bluebird": {
			"version": "2.1.0",
			"resolved": "https://registry.npmjs.org/cls-bluebird/-/cls-bluebird-2.1.0.tgz",
			"integrity": "sha1-N+8eCAqP+1XC9BZPU28ZGeeWiu4=",
			"requires": {
				"is-bluebird": "^1.0.2",
				"shimmer": "^1.1.0"
			}
		},
		"is-bluebird": {
			"version": "1.0.2",
			"resolved": "https://registry.npmjs.org/is-bluebird/-/is-bluebird-1.0.2.tgz",
			"integrity": "sha1-CWQ5Bg9KpBGr7hkUOoTWpVNG1uI="
		},
		"lru-cache": {
			"version": "6.0.0",
			"resolved": "https://registry.npmjs.org/lru-cache/-/lru-cache-6.0.0.tgz",
			"integrity": "sha512-Jo6dJ04CmSjuznwJSS3pUeWmd/H0ffTlkXXgwZi+eq1UCmqQwCh+eLsYOYCwY991i2Fah4h1BEMCx4qThGbsiA==",
			"requires": {
				"yallist": "^4.0.0"
			}
		},
		"methods": {
			"version": "1.1.2",
			"resolved": "https://registry.npmjs.org/methods/-/methods-1.1.2.tgz",
			"integrity": "sha1-VSmk1nZUE07cxSZmVoNbD4Ua/O4="
		},
		"no-code2": {
			"version": "2.0.0",
			"resolved": "https://registry.npmjs.org/no-code2/-/no-code2-2.0.0.tgz",
			"integrity": "sha512-RX763SjA6J4G2ndDNAtTAt4waLujGuTiPWzYDEevNDD5a7W2eXRM/OmNWQmEQ1a2AtlHlxi9hRD8iIHPGjC4dg==",
			"dev": true
		},
		"opentracing": {
			"version": "0.14.5",
			"resolved": "https://registry.npmjs.org/opentracing/-/opentracing-0.14.5.tgz",
			"integrity": "sha512-XLKtEfHxqrWyF1fzxznsv78w3csW41ucHnjiKnfzZLD5FN8UBDZZL1i4q0FR29zjxXhm+2Hop+5Vr/b8tKIvEg=="
		},
		"pseudomap": {
			"version": "1.0.2",
			"resolved": "https://registry.npmjs.org/pseudomap/-/pseudomap-1.0.2.tgz",
			"integrity": "sha1-8FKijacOYYkX7wqKw0wa5aaChrM="
		},
		"redis-commands": {
			"version": "1.7.0",
			"resolved": "https://registry.npmjs.org/redis-commands/-/redis-commands-1.7.0.tgz",
			"integrity": "sha512-nJWqw3bTFy21hX/CPKHth6sfhZbdiHP6bTawSgQBlKOVRG7EZkfHbbHwQJnrE4vsQf0CMNE+3gJ4Fmm16vdVlQ=="
		},
		"semver": {
			"version": "7.3.3",
			"resolved": "https://registry.npmjs.org/semver/-/semver-7.3.3.tgz",
			"integrity": "sha512-kBGrn+sE2tyi6f4c9aFrrYRSTTF5yNOEVRBCdpcgykFp3jt2ZGlBwzIwWER9J9HZnQa9IF1TrR8Xy2UU+eaUhQ==",
			"requires": {
				"lru-cache": "^4.1.5"
			},
			"dependencies": {
				"lru-cache": {
					"version": "4.1.5",
					"resolved": "https://registry.npmjs.org/lru-cache/-/lru-cache-4.1.5.tgz",
					"integrity": "sha512-sWZlbEP2OsHNkXrMl5GYk/jKk70MBng6UU4YI/qGDYbgf6YbP4EvmqISbXCoJiRKs+1bSpFHVgQxvJ17F2li5g==",
					"requires": {
						"pseudomap": "^1.0.2",
						"yallist": "^2.1.2"
					}
				},
				"yallist": {
					"version": "2.1.2",
					"resolved": "https://registry.npmjs.org/yallist/-/yallist-2.1.2.tgz",
					"integrity": "sha1-HBH5IY8HYImkfdUS+TxmmaaoHVI="
				}
			}
		},
		"shimmer": {
			"version": "1.2.1",
			"resolved": "https://registry.npmjs.org/shimmer/-/shimmer-1.2.1.tgz",
			"integrity": "sha512-sQTKC1Re/rM6XyFM6fIAGHRPVGvyXfgzIDvzoq608vM+jeyVD0Tu1E6Np0Kc2zAIFWIj963V2800iF/9LPieQw=="
		},
		"stack-chain": {
			"version": "1.3.7",
			"resolved": "https://registry.npmjs.org/stack-chain/-/stack-chain-1.3.7.tgz",
			"integrity": "sha1-0ZLJ/06moiyUxN1FkXHj8AzqEoU="
		},
		"yallist": {
			"version": "4.0.0",
			"resolved": "https://registry.npmjs.org/yallist/-/yallist-4.0.0.tgz",
			"integrity": "sha512-3wdGidZyq5PB084XLES5TpOSRA3wjXAlIWMhum2kRcv/41Sn2emQ0dycQW4uZXLejwKvg6EsvbdlVL+FYEct7A=="
		}
	}
}
