lockfileVersion: '9.0'

settings:
  autoInstallPeers: true
  excludeLinksFromLockfile: false

importers:

  .:
    dependencies:
      '@opentelemetry/api':
        specifier: 1.9.0
        version: 1.9.0
      '@opentelemetry/context-async-hooks':
        specifier: 1.25.0
        version: 1.25.0(@opentelemetry/api@1.9.0)
      '@opentelemetry/instrumentation-fs':
        specifier: 0.12.0
        version: 0.12.0(@opentelemetry/api@1.9.0)
      '@opentelemetry/instrumentation-restify':
        specifier: 0.38.0
        version: 0.38.0(@opentelemetry/api@1.9.0)
      '@opentelemetry/instrumentation-socket.io':
        specifier: 0.39.0
        version: 0.39.0(@opentelemetry/api@1.9.0)
      '@opentelemetry/instrumentation-tedious':
        specifier: 0.11.0
        version: 0.11.0(@opentelemetry/api@1.9.0)
      '@opentelemetry/sdk-trace-base':
        specifier: 1.25.0
        version: 1.25.0(@opentelemetry/api@1.9.0)
      cls-bluebird:
        specifier: ^2.1.0
        version: 2.1.0
      import-in-the-middle:
        specifier: 1.9.0
        version: 1.9.0
      lru-cache:
        specifier: ^10.1.0
        version: 10.4.3
      methods:
        specifier: ^1.1.2
        version: 1.1.2
      opentracing:
        specifier: ^0.14.5
        version: 0.14.7
      semver:
        specifier: ^7.5.4
        version: 7.6.3
      shimmer:
        specifier: ^1.2.1
        version: 1.2.1

packages:

  '@opentelemetry/api-logs@0.51.1':
    resolution: {integrity: sha512-E3skn949Pk1z2XtXu/lxf6QAZpawuTM/IUEXcAzpiUkTd73Hmvw26FiN3cJuTmkpM5hZzHwkomVdtrh/n/zzwA==}
    engines: {node: '>=14'}

  '@opentelemetry/api-logs@0.52.1':
    resolution: {integrity: sha512-qnSqB2DQ9TPP96dl8cDubDvrUyWc0/sK81xHTK8eSUspzDM3bsewX903qclQFvVhgStjRWdC5bLb3kQqMkfV5A==}
    engines: {node: '>=14'}

  '@opentelemetry/api@1.9.0':
    resolution: {integrity: sha512-3giAOQvZiH5F9bMlMiv8+GSPMeqg0dbaeo58/0SlA9sxSqZhnUtxzX9/2FzyhS9sWQf5S0GJE0AKBrFqjpeYcg==}
    engines: {node: '>=8.0.0'}

  '@opentelemetry/context-async-hooks@1.25.0':
    resolution: {integrity: sha512-sBW313mnMyFg0cp/40BRzrZBWG+581s2j5gIsa5fgGadswyILk4mNFATsqrCOpAx945RDuZ2B7ThQLgor9OpfA==}
    engines: {node: '>=14'}
    peerDependencies:
      '@opentelemetry/api': '>=1.0.0 <1.10.0'

  '@opentelemetry/core@1.25.0':
    resolution: {integrity: sha512-n0B3s8rrqGrasTgNkXLKXzN0fXo+6IYP7M5b7AMsrZM33f/y6DS6kJ0Btd7SespASWq8bgL3taLo0oe0vB52IQ==}
    engines: {node: '>=14'}
    peerDependencies:
      '@opentelemetry/api': '>=1.0.0 <1.10.0'

  '@opentelemetry/core@1.25.1':
    resolution: {integrity: sha512-GeT/l6rBYWVQ4XArluLVB6WWQ8flHbdb6r2FCHC3smtdOAbrJBIv35tpV/yp9bmYUJf+xmZpu9DRTIeJVhFbEQ==}
    engines: {node: '>=14'}
    peerDependencies:
      '@opentelemetry/api': '>=1.0.0 <1.10.0'

  '@opentelemetry/instrumentation-fs@0.12.0':
    resolution: {integrity: sha512-Waf+2hekJRxIwq1PmivxOWLdMOtYbY22hKr34gEtfbv2CArSv8FBJH4BmQxB9o5ZcwkdKu589qs009dbuSfNmQ==}
    engines: {node: '>=14'}
    peerDependencies:
      '@opentelemetry/api': ^1.3.0

  '@opentelemetry/instrumentation-restify@0.38.0':
    resolution: {integrity: sha512-VYK47Z9GBaZX5MQLL7kZDdzQDdyUtHRD4J/GSr6kdwmIpdpUQXLsV3EnboeB8P+BlpucF57FyJKE8yWTOEMfnA==}
    engines: {node: '>=14'}
    peerDependencies:
      '@opentelemetry/api': ^1.3.0

  '@opentelemetry/instrumentation-socket.io@0.39.0':
    resolution: {integrity: sha512-4J2ehk5mJyDT6j2yJCOuPxAjit5QB1Fwzhx0LID5jjvhI9LxzZIGDNAPTTHyghSiaRDeNMzceXKkkEQJkg2MNw==}
    engines: {node: '>=14'}
    peerDependencies:
      '@opentelemetry/api': ^1.3.0

  '@opentelemetry/instrumentation-tedious@0.11.0':
    resolution: {integrity: sha512-Dh93CyaR7vldKf0oXwtYlSEdqvMGUTv270N0YGBQtODPKtgIMr9816vIA7cJPCZ4SbbREgLNQJfbh0qeadAM4Q==}
    engines: {node: '>=14'}
    peerDependencies:
      '@opentelemetry/api': ^1.3.0

  '@opentelemetry/instrumentation@0.51.1':
    resolution: {integrity: sha512-JIrvhpgqY6437QIqToyozrUG1h5UhwHkaGK/WAX+fkrpyPtc+RO5FkRtUd9BH0MibabHHvqsnBGKfKVijbmp8w==}
    engines: {node: '>=14'}
    peerDependencies:
      '@opentelemetry/api': ^1.3.0

  '@opentelemetry/instrumentation@0.52.1':
    resolution: {integrity: sha512-uXJbYU/5/MBHjMp1FqrILLRuiJCs3Ofk0MeRDk8g1S1gD47U8X3JnSwcMO1rtRo1x1a7zKaQHaoYu49p/4eSKw==}
    engines: {node: '>=14'}
    peerDependencies:
      '@opentelemetry/api': ^1.3.0

  '@opentelemetry/resources@1.25.0':
    resolution: {integrity: sha512-iHjydPMYJ+Li1auveJCq2rp5U2h6Mhq8BidiyE0jfVlDTFyR1ny8AfJHfmFzJ/RAM8vT8L7T21kcmGybxZC7lQ==}
    engines: {node: '>=14'}
    peerDependencies:
      '@opentelemetry/api': '>=1.0.0 <1.10.0'

  '@opentelemetry/sdk-trace-base@1.25.0':
    resolution: {integrity: sha512-6+g2fiRQUG39guCsKVeY8ToeuUf3YUnPkN6DXRA1qDmFLprlLvZm9cS6+chgbW70cZJ406FTtSCDnJwxDC5sGQ==}
    engines: {node: '>=14'}
    peerDependencies:
      '@opentelemetry/api': '>=1.0.0 <1.10.0'

  '@opentelemetry/semantic-conventions@1.25.0':
    resolution: {integrity: sha512-M+kkXKRAIAiAP6qYyesfrC5TOmDpDVtsxuGfPcqd9B/iBrac+E14jYwrgm0yZBUIbIP2OnqC3j+UgkXLm1vxUQ==}
    engines: {node: '>=14'}

  '@opentelemetry/semantic-conventions@1.25.1':
    resolution: {integrity: sha512-ZDjMJJQRlyk8A1KZFCc+bCbsyrn1wTwdNt56F7twdfUfnHUZUq77/WfONCj8p72NZOyP7pNTdUWSTYC3GTbuuQ==}
    engines: {node: '>=14'}

  '@types/node@22.0.0':
    resolution: {integrity: sha512-VT7KSYudcPOzP5Q0wfbowyNLaVR8QWUdw+088uFWwfvpY6uCWaXpqV6ieLAu9WBcnTa7H4Z5RLK8I5t2FuOcqw==}

  '@types/shimmer@1.2.0':
    resolution: {integrity: sha512-UE7oxhQLLd9gub6JKIAhDq06T0F6FnztwMNRvYgjeQSBeMc1ZG/tA47EwfduvkuQS8apbkM/lpLpWsaCeYsXVg==}

  '@types/tedious@4.0.14':
    resolution: {integrity: sha512-KHPsfX/FoVbUGbyYvk1q9MMQHLPeRZhRJZdO45Q4YjvFkv4hMNghCWTvy7rdKessBsmtz4euWCWAB6/tVpI1Iw==}

  acorn-import-attributes@1.9.5:
    resolution: {integrity: sha512-n02Vykv5uA3eHGM/Z2dQrcD56kL8TyDb2p1+0P83PClMnC/nc+anbQRhIOWnSq4Ke/KvDPrY3C9hDtC/A3eHnQ==}
    peerDependencies:
      acorn: ^8

  acorn@8.12.1:
    resolution: {integrity: sha512-tcpGyI9zbizT9JbV6oYE477V6mTlXvvi0T0G3SNIYE2apm/G5huBa1+K89VGeovbg+jycCrfhl3ADxErOuO6Jg==}
    engines: {node: '>=0.4.0'}
    hasBin: true

  cjs-module-lexer@1.3.1:
    resolution: {integrity: sha512-a3KdPAANPbNE4ZUv9h6LckSl9zLsYOP4MBmhIPkRaeyybt+r4UghLvq+xw/YwUcC1gqylCkL4rdVs3Lwupjm4Q==}

  cls-bluebird@2.1.0:
    resolution: {integrity: sha512-XVb0RPmHQyy35Tz9z34gvtUcBKUK8A/1xkGCyeFc9B0C7Zr5SysgFaswRVdwI5NEMcO+3JKlIDGIOgERSn9NdA==}

  debug@4.3.6:
    resolution: {integrity: sha512-O/09Bd4Z1fBrU4VzkhFqVgpPzaGbw6Sm9FEkBT1A/YBXQFGuuSxa1dN2nxgxS34JmKXqYx8CZAwEVoJFImUXIg==}
    engines: {node: '>=6.0'}
    peerDependencies:
      supports-color: '*'
    peerDependenciesMeta:
      supports-color:
        optional: true

  function-bind@1.1.2:
    resolution: {integrity: sha512-7XHNxH7qX9xG5mIwxkhumTox/MIRNcOgDrxWsMt2pAr23WHp6MrRlN7FBSFpCpr+oVO0F744iUgR82nJMfG2SA==}

  hasown@2.0.2:
    resolution: {integrity: sha512-0hJU9SCPvmMzIBdZFqNPXWa6dqh7WdH0cII9y+CyS8rG3nL48Bclra9HmKhVVUHyPWNH5Y7xDwAB7bfgSjkUMQ==}
    engines: {node: '>= 0.4'}

  import-in-the-middle@1.7.4:
    resolution: {integrity: sha512-Lk+qzWmiQuRPPulGQeK5qq0v32k2bHnWrRPFgqyvhw7Kkov5L6MOLOIU3pcWeujc9W4q54Cp3Q2WV16eQkc7Bg==}

  import-in-the-middle@1.9.0:
    resolution: {integrity: sha512-Ng1SJINJDBzyUEkx9Mj32XD8G0TQCUb5TMoL9V91CTn6F3wYZLygLuhNFrv0cNMBZaeptnL1zecV6XrIdHJ+xQ==}

  is-bluebird@1.0.2:
    resolution: {integrity: sha512-PDRu1vVip5dGQg5tfn2qVCCyxbBYu5MhYUJwSfL/RoGBI97n1fxvilVazxzptZW0gcmsMH17H4EVZZI5E/RSeA==}
    engines: {node: '>=0.10.0'}

  is-core-module@2.15.0:
    resolution: {integrity: sha512-Dd+Lb2/zvk9SKy1TGCt1wFJFo/MWBPMX5x7KcvLajWTGuomczdQX61PvY5yK6SVACwpoexWo81IfFyoKY2QnTA==}
    engines: {node: '>= 0.4'}

  lru-cache@10.4.3:
    resolution: {integrity: sha512-JNAzZcXrCt42VGLuYz0zfAzDfAvJWW6AfYlDBQyDV5DClI2m5sAmK+OIO7s59XfsRsWHp02jAJrRadPRGTt6SQ==}

  methods@1.1.2:
    resolution: {integrity: sha512-iclAHeNqNm68zFtnZ0e+1L2yUIdvzNoauKU4WBA3VvH/vPFieF7qfRlwUZU+DA9P9bPXIS90ulxoUoCH23sV2w==}
    engines: {node: '>= 0.6'}

  module-details-from-path@1.0.3:
    resolution: {integrity: sha512-ySViT69/76t8VhE1xXHK6Ch4NcDd26gx0MzKXLO+F7NOtnqH68d9zF94nT8ZWSxXh8ELOERsnJO/sWt1xZYw5A==}

  ms@2.1.2:
    resolution: {integrity: sha512-sGkPx+VjMtmA6MX27oA4FBFELFCZZ4S4XqeGOXCv68tT+jb3vk/RyaKWP0PTKyWtmLSM0b+adUTEvbs1PEaH2w==}

  opentracing@0.14.7:
    resolution: {integrity: sha512-vz9iS7MJ5+Bp1URw8Khvdyw1H/hGvzHWlKQ7eRrQojSCDL1/SrWfrY9QebLw97n2deyRtzHRC3MkQfVNUCo91Q==}
    engines: {node: '>=0.10'}

  path-parse@1.0.7:
    resolution: {integrity: sha512-LDJzPVEEEPR+y48z93A0Ed0yXb8pAByGWo/k5YYdYgpY2/2EsOsksJrq7lOHxryrVOn1ejG6oAp8ahvOIQD8sw==}

  require-in-the-middle@7.4.0:
    resolution: {integrity: sha512-X34iHADNbNDfr6OTStIAHWSAvvKQRYgLO6duASaVf7J2VA3lvmNYboAHOuLC2huav1IwgZJtyEcJCKVzFxOSMQ==}
    engines: {node: '>=8.6.0'}

  resolve@1.22.8:
    resolution: {integrity: sha512-oKWePCxqpd6FlLvGV1VU0x7bkPmmCNolxzjMf4NczoDnQcIWrAF+cPtZn5i6n+RfD2d9i0tzpKnG6Yk168yIyw==}
    hasBin: true

  semver@7.6.3:
    resolution: {integrity: sha512-oVekP1cKtI+CTDvHWYFUcMtsK/00wmAEfyqKfNdARm8u1wNVhSgaX7A8d4UuIlUI5e84iEwOhs7ZPYRmzU9U6A==}
    engines: {node: '>=10'}
    hasBin: true

  shimmer@1.2.1:
    resolution: {integrity: sha512-sQTKC1Re/rM6XyFM6fIAGHRPVGvyXfgzIDvzoq608vM+jeyVD0Tu1E6Np0Kc2zAIFWIj963V2800iF/9LPieQw==}

  supports-preserve-symlinks-flag@1.0.0:
    resolution: {integrity: sha512-ot0WnXS9fgdkgIcePe6RHNk1WA8+muPa6cSjeR3V8K27q9BB1rTE3R1p7Hv0z1ZyAc8s6Vvv8DIyWf681MAt0w==}
    engines: {node: '>= 0.4'}

  undici-types@6.11.1:
    resolution: {integrity: sha512-mIDEX2ek50x0OlRgxryxsenE5XaQD4on5U2inY7RApK3SOJpofyw7uW2AyfMKkhAxXIceo2DeWGVGwyvng1GNQ==}

snapshots:

  '@opentelemetry/api-logs@0.51.1':
    dependencies:
      '@opentelemetry/api': 1.9.0

  '@opentelemetry/api-logs@0.52.1':
    dependencies:
      '@opentelemetry/api': 1.9.0

  '@opentelemetry/api@1.9.0': {}

  '@opentelemetry/context-async-hooks@1.25.0(@opentelemetry/api@1.9.0)':
    dependencies:
      '@opentelemetry/api': 1.9.0

  '@opentelemetry/core@1.25.0(@opentelemetry/api@1.9.0)':
    dependencies:
      '@opentelemetry/api': 1.9.0
      '@opentelemetry/semantic-conventions': 1.25.0

  '@opentelemetry/core@1.25.1(@opentelemetry/api@1.9.0)':
    dependencies:
      '@opentelemetry/api': 1.9.0
      '@opentelemetry/semantic-conventions': 1.25.1

  '@opentelemetry/instrumentation-fs@0.12.0(@opentelemetry/api@1.9.0)':
    dependencies:
      '@opentelemetry/api': 1.9.0
      '@opentelemetry/core': 1.25.1(@opentelemetry/api@1.9.0)
      '@opentelemetry/instrumentation': 0.51.1(@opentelemetry/api@1.9.0)
    transitivePeerDependencies:
      - supports-color

  '@opentelemetry/instrumentation-restify@0.38.0(@opentelemetry/api@1.9.0)':
    dependencies:
      '@opentelemetry/api': 1.9.0
      '@opentelemetry/core': 1.25.1(@opentelemetry/api@1.9.0)
      '@opentelemetry/instrumentation': 0.51.1(@opentelemetry/api@1.9.0)
      '@opentelemetry/semantic-conventions': 1.25.1
    transitivePeerDependencies:
      - supports-color

  '@opentelemetry/instrumentation-socket.io@0.39.0(@opentelemetry/api@1.9.0)':
    dependencies:
      '@opentelemetry/api': 1.9.0
      '@opentelemetry/instrumentation': 0.51.1(@opentelemetry/api@1.9.0)
      '@opentelemetry/semantic-conventions': 1.25.1
    transitivePeerDependencies:
      - supports-color

  '@opentelemetry/instrumentation-tedious@0.11.0(@opentelemetry/api@1.9.0)':
    dependencies:
      '@opentelemetry/api': 1.9.0
      '@opentelemetry/instrumentation': 0.52.1(@opentelemetry/api@1.9.0)
      '@opentelemetry/semantic-conventions': 1.25.1
      '@types/tedious': 4.0.14
    transitivePeerDependencies:
      - supports-color

  '@opentelemetry/instrumentation@0.51.1(@opentelemetry/api@1.9.0)':
    dependencies:
      '@opentelemetry/api': 1.9.0
      '@opentelemetry/api-logs': 0.51.1
      '@types/shimmer': 1.2.0
      import-in-the-middle: 1.7.4
      require-in-the-middle: 7.4.0
      semver: 7.6.3
      shimmer: 1.2.1
    transitivePeerDependencies:
      - supports-color

  '@opentelemetry/instrumentation@0.52.1(@opentelemetry/api@1.9.0)':
    dependencies:
      '@opentelemetry/api': 1.9.0
      '@opentelemetry/api-logs': 0.52.1
      '@types/shimmer': 1.2.0
      import-in-the-middle: 1.9.0
      require-in-the-middle: 7.4.0
      semver: 7.6.3
      shimmer: 1.2.1
    transitivePeerDependencies:
      - supports-color

  '@opentelemetry/resources@1.25.0(@opentelemetry/api@1.9.0)':
    dependencies:
      '@opentelemetry/api': 1.9.0
      '@opentelemetry/core': 1.25.0(@opentelemetry/api@1.9.0)
      '@opentelemetry/semantic-conventions': 1.25.0

  '@opentelemetry/sdk-trace-base@1.25.0(@opentelemetry/api@1.9.0)':
    dependencies:
      '@opentelemetry/api': 1.9.0
      '@opentelemetry/core': 1.25.0(@opentelemetry/api@1.9.0)
      '@opentelemetry/resources': 1.25.0(@opentelemetry/api@1.9.0)
      '@opentelemetry/semantic-conventions': 1.25.0

  '@opentelemetry/semantic-conventions@1.25.0': {}

  '@opentelemetry/semantic-conventions@1.25.1': {}

  '@types/node@22.0.0':
    dependencies:
      undici-types: 6.11.1

  '@types/shimmer@1.2.0': {}

  '@types/tedious@4.0.14':
    dependencies:
      '@types/node': 22.0.0

  acorn-import-attributes@1.9.5(acorn@8.12.1):
    dependencies:
      acorn: 8.12.1

  acorn@8.12.1: {}

  cjs-module-lexer@1.3.1: {}

  cls-bluebird@2.1.0:
    dependencies:
      is-bluebird: 1.0.2
      shimmer: 1.2.1

  debug@4.3.6:
    dependencies:
      ms: 2.1.2

  function-bind@1.1.2: {}

  hasown@2.0.2:
    dependencies:
      function-bind: 1.1.2

  import-in-the-middle@1.7.4:
    dependencies:
      acorn: 8.12.1
      acorn-import-attributes: 1.9.5(acorn@8.12.1)
      cjs-module-lexer: 1.3.1
      module-details-from-path: 1.0.3

  import-in-the-middle@1.9.0:
    dependencies:
      acorn: 8.12.1
      acorn-import-attributes: 1.9.5(acorn@8.12.1)
      cjs-module-lexer: 1.3.1
      module-details-from-path: 1.0.3

  is-bluebird@1.0.2: {}

  is-core-module@2.15.0:
    dependencies:
      hasown: 2.0.2

  lru-cache@10.4.3: {}

  methods@1.1.2: {}

  module-details-from-path@1.0.3: {}

  ms@2.1.2: {}

  opentracing@0.14.7: {}

  path-parse@1.0.7: {}

  require-in-the-middle@7.4.0:
    dependencies:
      debug: 4.3.6
      module-details-from-path: 1.0.3
      resolve: 1.22.8
    transitivePeerDependencies:
      - supports-color

  resolve@1.22.8:
    dependencies:
      is-core-module: 2.15.0
      path-parse: 1.0.7
      supports-preserve-symlinks-flag: 1.0.0

  semver@7.6.3: {}

  shimmer@1.2.1: {}

  supports-preserve-symlinks-flag@1.0.0: {}

  undici-types@6.11.1: {}
