{
  "name": "wrapped-callback-lambda",
  "version": "1.0.0",
  "lockfileVersion": 1,
  "requires": true,
  "dependencies": {
    "@instana/core": {
      "version": "1.67.0",
      "resolved": "https://registry.npmjs.org/@instana/core/-/core-1.67.0.tgz",
      "integrity": "sha512-mLoR4QevcF5Cukj9oPKqjNjqT0OJc5vmVpLBSrvQfoTET/eHa2e25I/AhP1sK8aUC1zRcDn5yJWijLKXUeXK/Q==",
      "requires": {
        "async-hook-jl": "1.7.6",
        "cls-bluebird": "2.1.0",
        "emitter-listener": "1.1.2",
        "event-loop-lag": "1.4.0",
        "event-loop-stats": "1.1.0",
        "gcstats.js": "1.0.0",
        "methods": "1.1.2",
        "opentracing": "0.14.3",
        "redis-commands": "1.4.0",
        "semver": "5.5.1",
        "shimmer": "1.2.0"
      },
      "dependencies": {
        "semver": {
          "version": "5.5.1",
          "resolved": "https://registry.npmjs.org/semver/-/semver-5.5.1.tgz",
          "integrity": "sha512-PqpAxfrEhlSUWge8dwIp4tZnQ25DIOthpiaHNIthsjEFQD6EvqUKUDM7L8O2rShkFccYo1VjJR0coWfNkCubRw=="
        }
      }
    },
    "@instana/serverless": {
      "version": "file:../../instana-serverless-1.0.0.tgz",
      "integrity": "sha512-4djXTpB52zVF9gYBNqsrTq7Z/HnXJvFo0+LyrtdxfYgoVtsh8pnRGTT8R1EKnutWVvxjQfrI0RSOy5ekyhwnxg==",
      "requires": {
        "@instana/core": "1.67.0",
        "pino": "5.12.3",
        "semver": "5.6.0"
      }
    },
    "async-hook-jl": {
      "version": "1.7.6",
      "resolved": "https://registry.npmjs.org/async-hook-jl/-/async-hook-jl-1.7.6.tgz",
      "integrity": "sha512-gFaHkFfSxTjvoxDMYqDuGHlcRyUuamF8s+ZTtJdDzqjws4mCt7v0vuV79/E2Wr2/riMQgtG4/yUtXWs1gZ7JMg==",
      "requires": {
        "stack-chain": "1.3.7"
      }
    },
    "cls-bluebird": {
      "version": "2.1.0",
      "resolved": "https://registry.npmjs.org/cls-bluebird/-/cls-bluebird-2.1.0.tgz",
      "integrity": "sha1-N+8eCAqP+1XC9BZPU28ZGeeWiu4=",
      "requires": {
        "is-bluebird": "1.0.2",
        "shimmer": "1.2.0"
      }
    },
    "debug": {
      "version": "3.2.6",
      "resolved": "https://registry.npmjs.org/debug/-/debug-3.2.6.tgz",
      "integrity": "sha512-mel+jf7nrtEl5Pn1Qx46zARXKDpBbvzezse7p7LqINmdoIk8PYP5SySaxEmYv6TZ0JyEKA1hsCId6DIhgITtWQ==",
      "requires": {
        "ms": "2.1.1"
      }
    },
    "emitter-listener": {
      "version": "1.1.2",
      "resolved": "https://registry.npmjs.org/emitter-listener/-/emitter-listener-1.1.2.tgz",
      "integrity": "sha512-Bt1sBAGFHY9DKY+4/2cV6izcKJUf5T7/gkdmkxzX/qv9CcGH8xSwVRW5mtX03SWJtRTWSOpzCuWN9rBFYZepZQ==",
      "requires": {
        "shimmer": "1.2.0"
      }
    },
    "event-loop-lag": {
      "version": "1.4.0",
      "resolved": "https://registry.npmjs.org/event-loop-lag/-/event-loop-lag-1.4.0.tgz",
      "integrity": "sha512-uNAYTAexGyPI7rms2jSES20nhUoCtjkmxgaOcAfaoaOQ6h3q1+fw6d5MfyfV0zMJpR//+GUYPVXrh2Wbv+E0sQ==",
      "requires": {
        "debug": "3.2.6"
      }
    },
    "event-loop-stats": {
      "version": "1.1.0",
      "resolved": "https://registry.npmjs.org/event-loop-stats/-/event-loop-stats-1.1.0.tgz",
      "integrity": "sha512-4QKmjM9qQrrjkWmHSJbSm6YDCpY+go+bf201v25Ys8ltMSPsV/KMP12y5A8Ax/KqQZjYeqCbwyFkwWY+5myhyQ==",
      "optional": true,
      "requires": {
        "nan": "2.13.2"
      }
    },
    "fast-redact": {
      "version": "1.5.0",
      "resolved": "https://registry.npmjs.org/fast-redact/-/fast-redact-1.5.0.tgz",
      "integrity": "sha512-Afo61CgUjkzdvOKDHn08qnZ0kwck38AOGcMlvSGzvJbIab6soAP5rdoQayecGCDsD69AiF9vJBXyq31eoEO2tQ=="
    },
    "fast-safe-stringify": {
      "version": "2.0.6",
      "resolved": "https://registry.npmjs.org/fast-safe-stringify/-/fast-safe-stringify-2.0.6.tgz",
      "integrity": "sha512-q8BZ89jjc+mz08rSxROs8VsrBBcn1SIw1kq9NjolL509tkABRk9io01RAjSaEv1Xb2uFLt8VtRiZbGp5H8iDtg=="
    },
    "flatstr": {
      "version": "1.0.10",
      "resolved": "https://registry.npmjs.org/flatstr/-/flatstr-1.0.10.tgz",
      "integrity": "sha512-r9A/hdaN0stt3gXsc0cdErh9takan11Pb/1MUZlToRxHrG7KycjGf5K5nNvToJB+YGR45bYrVHk0dnNWBIoCyA=="
    },
    "gcstats.js": {
      "version": "1.0.0",
      "resolved": "https://registry.npmjs.org/gcstats.js/-/gcstats.js-1.0.0.tgz",
      "integrity": "sha1-hdGcqXvz5EIU6jR0wLYh5LehAJA=",
      "optional": true,
      "requires": {
        "nan": "2.13.2"
      }
    },
    "is-bluebird": {
      "version": "1.0.2",
      "resolved": "https://registry.npmjs.org/is-bluebird/-/is-bluebird-1.0.2.tgz",
      "integrity": "sha1-CWQ5Bg9KpBGr7hkUOoTWpVNG1uI="
    },
    "methods": {
      "version": "1.1.2",
      "resolved": "https://registry.npmjs.org/methods/-/methods-1.1.2.tgz",
      "integrity": "sha1-VSmk1nZUE07cxSZmVoNbD4Ua/O4="
    },
    "ms": {
      "version": "2.1.1",
      "resolved": "https://registry.npmjs.org/ms/-/ms-2.1.1.tgz",
      "integrity": "sha512-tgp+dl5cGk28utYktBsrFqA7HKgrhgPsg6Z/EfhWI4gl1Hwq8B/GmY/0oXZ6nF8hDVesS/FpnYaD/kOWhYQvyg=="
    },
    "nan": {
      "version": "2.13.2",
      "resolved": "https://registry.npmjs.org/nan/-/nan-2.13.2.tgz",
      "integrity": "sha512-TghvYc72wlMGMVMluVo9WRJc0mB8KxxF/gZ4YYFy7V2ZQX9l7rgbPg7vjS9mt6U5HXODVFVI2bOduCzwOMv/lw==",
      "optional": true
    },
    "opentracing": {
      "version": "0.14.3",
      "resolved": "https://registry.npmjs.org/opentracing/-/opentracing-0.14.3.tgz",
      "integrity": "sha1-I+OtAp+mamU5Jq2+V+g0Rp+FUKo="
    },
    "pino": {
      "version": "5.12.3",
      "resolved": "https://registry.npmjs.org/pino/-/pino-5.12.3.tgz",
      "integrity": "sha512-/PiX7QXOMZz7edRVGm/apt22nkdRByB6ki0ftWcDpHjjNmjnE7UubNd7NeDX7cBey27obxvBvZy3oQuJbz1+Ag==",
      "requires": {
        "fast-redact": "1.5.0",
        "fast-safe-stringify": "2.0.6",
        "flatstr": "1.0.10",
        "pino-std-serializers": "2.4.0",
        "quick-format-unescaped": "3.0.2",
        "sonic-boom": "0.7.3"
      }
    },
    "pino-std-serializers": {
      "version": "2.4.0",
      "resolved": "https://registry.npmjs.org/pino-std-serializers/-/pino-std-serializers-2.4.0.tgz",
      "integrity": "sha512-ysT2ylXu1aEec9k8cm/lz7emBcfpdxFWHqvHeGXf1wvfw7TKPMGhLWwS+ciHw6u4ffnmV+pkAMF4MUIZmZZdSg=="
    },
    "quick-format-unescaped": {
      "version": "3.0.2",
      "resolved": "https://registry.npmjs.org/quick-format-unescaped/-/quick-format-unescaped-3.0.2.tgz",
      "integrity": "sha512-FXTaCkwvpIlkdKeGDNgcq07SXWS383noQUuZjvdE1QcTt+eLuqof6/BDiEPqB59FWLie/l91+HtlJSw7iCViSA=="
    },
    "redis-commands": {
      "version": "1.4.0",
      "resolved": "https://registry.npmjs.org/redis-commands/-/redis-commands-1.4.0.tgz",
      "integrity": "sha512-cu8EF+MtkwI4DLIT0x9P8qNTLFhQD4jLfxLR0cCNkeGzs87FN6879JOJwNQR/1zD7aSYNbU0hgsV9zGY71Itvw=="
    },
    "semver": {
      "version": "5.6.0",
      "resolved": "https://registry.npmjs.org/semver/-/semver-5.6.0.tgz",
      "integrity": "sha512-RS9R6R35NYgQn++fkDWaOmqGoj4Ek9gGs+DPxNUZKuwE183xjJroKvyo1IzVFeXvUrvmALy6FWD5xrdJT25gMg=="
    },
    "shimmer": {
      "version": "1.2.0",
      "resolved": "https://registry.npmjs.org/shimmer/-/shimmer-1.2.0.tgz",
      "integrity": "sha512-xTCx2vohXC2EWWDqY/zb4+5Mu28D+HYNSOuFzsyRDRvI/e1ICb69afwaUwfjr+25ZXldbOLyp+iDUZHq8UnTag=="
    },
    "sonic-boom": {
      "version": "0.7.3",
      "resolved": "https://registry.npmjs.org/sonic-boom/-/sonic-boom-0.7.3.tgz",
      "integrity": "sha512-A9EyoIeLD+g9vMLYQKjNCatJtAKdBQMW03+L8ZWWX/A6hq+srRCwdqHrBD1R8oSMLXov3oHN13dljtZf12q2Ow==",
      "requires": {
        "flatstr": "1.0.10"
      }
    },
    "stack-chain": {
      "version": "1.3.7",
      "resolved": "https://registry.npmjs.org/stack-chain/-/stack-chain-1.3.7.tgz",
      "integrity": "sha1-0ZLJ/06moiyUxN1FkXHj8AzqEoU="
    }
  }
}
