lockfileVersion: '9.0'

settings:
  autoInstallPeers: true
  excludeLinksFromLockfile: false

importers:

  .:
    dependencies:
      '@opentelemetry/api':
        specifier: 1.4.1
        version: 1.4.1
    devDependencies:
      '@instana/collector':
        specifier: workspace:../collector
        version: link:../collector

packages:

  '@opentelemetry/api@1.4.1':
    resolution: {integrity: sha512-O2yRJce1GOc6PAy3QxFM4NzFiWzvScDC1/5ihYBL6BUEVdq0XMWN01sppE+H6bBXbaFYipjwFLEWLg5PaSOThA==}
    engines: {node: '>=8.0.0'}

snapshots:

  '@opentelemetry/api@1.4.1': {}
